// !$*UTF8*$!
{
	archiveVersion = 1;
	classes = {
	};
	objectVersion = 50;
	objects = {

/* Begin PBXBuildFile section */
		279D842026900A81000EC01C /* Patriot3App.swift in Sources */ = {isa = PBXBuildFile; fileRef = 279D841F26900A81000EC01C /* Patriot3App.swift */; };
		279D842226900A81000EC01C /* ContentView.swift in Sources */ = {isa = PBXBuildFile; fileRef = 279D842126900A81000EC01C /* ContentView.swift */; };
		279D842426900A82000EC01C /* Assets.xcassets in Resources */ = {isa = PBXBuildFile; fileRef = 279D842326900A82000EC01C /* Assets.xcassets */; };
		279D842726900A82000EC01C /* Preview Assets.xcassets in Resources */ = {isa = PBXBuildFile; fileRef = 279D842626900A82000EC01C /* Preview Assets.xcassets */; };
		279D843226900A82000EC01C /* Patriot3Tests.swift in Sources */ = {isa = PBXBuildFile; fileRef = 279D843126900A82000EC01C /* Patriot3Tests.swift */; };
		279D843D26900A82000EC01C /* Patriot3UITests.swift in Sources */ = {isa = PBXBuildFile; fileRef = 279D843C26900A82000EC01C /* Patriot3UITests.swift */; };
/* End PBXBuildFile section */

/* Begin PBXContainerItemProxy section */
		279D842E26900A82000EC01C /* PBXContainerItemProxy */ = {
			isa = PBXContainerItemProxy;
			containerPortal = 279D841426900A81000EC01C /* Project object */;
			proxyType = 1;
			remoteGlobalIDString = 279D841B26900A81000EC01C;
			remoteInfo = Patriot3;
		};
		279D843926900A82000EC01C /* PBXContainerItemProxy */ = {
			isa = PBXContainerItemProxy;
			containerPortal = 279D841426900A81000EC01C /* Project object */;
			proxyType = 1;
			remoteGlobalIDString = 279D841B26900A81000EC01C;
			remoteInfo = Patriot3;
		};
/* End PBXContainerItemProxy section */

/* Begin PBXFileReference section */
		279D841C26900A81000EC01C /* Patriot3.app */ = {isa = PBXFileReference; explicitFileType = wrapper.application; includeInIndex = 0; path = Patriot3.app; sourceTree = BUILT_PRODUCTS_DIR; };
		279D841F26900A81000EC01C /* Patriot3App.swift */ = {isa = PBXFileReference; lastKnownFileType = sourcecode.swift; path = Patriot3App.swift; sourceTree = "<group>"; };
		279D842126900A81000EC01C /* ContentView.swift */ = {isa = PBXFileReference; lastKnownFileType = sourcecode.swift; path = ContentView.swift; sourceTree = "<group>"; };
		279D842326900A82000EC01C /* Assets.xcassets */ = {isa = PBXFileReference; lastKnownFileType = folder.assetcatalog; path = Assets.xcassets; sourceTree = "<group>"; };
		279D842626900A82000EC01C /* Preview Assets.xcassets */ = {isa = PBXFileReference; lastKnownFileType = folder.assetcatalog; path = "Preview Assets.xcassets"; sourceTree = "<group>"; };
		279D842826900A82000EC01C /* Info.plist */ = {isa = PBXFileReference; lastKnownFileType = text.plist.xml; path = Info.plist; sourceTree = "<group>"; };
		279D842D26900A82000EC01C /* Patriot3Tests.xctest */ = {isa = PBXFileReference; explicitFileType = wrapper.cfbundle; includeInIndex = 0; path = Patriot3Tests.xctest; sourceTree = BUILT_PRODUCTS_DIR; };
		279D843126900A82000EC01C /* Patriot3Tests.swift */ = {isa = PBXFileReference; lastKnownFileType = sourcecode.swift; path = Patriot3Tests.swift; sourceTree = "<group>"; };
		279D843326900A82000EC01C /* Info.plist */ = {isa = PBXFileReference; lastKnownFileType = text.plist.xml; path = Info.plist; sourceTree = "<group>"; };
		279D843826900A82000EC01C /* Patriot3UITests.xctest */ = {isa = PBXFileReference; explicitFileType = wrapper.cfbundle; includeInIndex = 0; path = Patriot3UITests.xctest; sourceTree = BUILT_PRODUCTS_DIR; };
		279D843C26900A82000EC01C /* Patriot3UITests.swift */ = {isa = PBXFileReference; lastKnownFileType = sourcecode.swift; path = Patriot3UITests.swift; sourceTree = "<group>"; };
		279D843E26900A82000EC01C /* Info.plist */ = {isa = PBXFileReference; lastKnownFileType = text.plist.xml; path = Info.plist; sourceTree = "<group>"; };
/* End PBXFileReference section */

/* Begin PBXFrameworksBuildPhase section */
		279D841926900A81000EC01C /* Frameworks */ = {
			isa = PBXFrameworksBuildPhase;
			buildActionMask = 2147483647;
			files = (
			);
			runOnlyForDeploymentPostprocessing = 0;
		};
		279D842A26900A82000EC01C /* Frameworks */ = {
			isa = PBXFrameworksBuildPhase;
			buildActionMask = 2147483647;
			files = (
			);
			runOnlyForDeploymentPostprocessing = 0;
		};
		279D843526900A82000EC01C /* Frameworks */ = {
			isa = PBXFrameworksBuildPhase;
			buildActionMask = 2147483647;
			files = (
			);
			runOnlyForDeploymentPostprocessing = 0;
		};
/* End PBXFrameworksBuildPhase section */

/* Begin PBXGroup section */
		279D841326900A81000EC01C = {
			isa = PBXGroup;
			children = (
				279D841E26900A81000EC01C /* Patriot3 */,
				279D843026900A82000EC01C /* Patriot3Tests */,
				279D843B26900A82000EC01C /* Patriot3UITests */,
				279D841D26900A81000EC01C /* Products */,
			);
			sourceTree = "<group>";
		};
		279D841D26900A81000EC01C /* Products */ = {
			isa = PBXGroup;
			children = (
				279D841C26900A81000EC01C /* Patriot3.app */,
				279D842D26900A82000EC01C /* Patriot3Tests.xctest */,
				279D843826900A82000EC01C /* Patriot3UITests.xctest */,
			);
			name = Products;
			sourceTree = "<group>";
		};
		279D841E26900A81000EC01C /* Patriot3 */ = {
			isa = PBXGroup;
			children = (
				279D841F26900A81000EC01C /* Patriot3App.swift */,
				279D842126900A81000EC01C /* ContentView.swift */,
				279D842326900A82000EC01C /* Assets.xcassets */,
				279D842826900A82000EC01C /* Info.plist */,
				279D842526900A82000EC01C /* Preview Content */,
			);
			path = Patriot3;
			sourceTree = "<group>";
		};
		279D842526900A82000EC01C /* Preview Content */ = {
			isa = PBXGroup;
			children = (
				279D842626900A82000EC01C /* Preview Assets.xcassets */,
			);
			path = "Preview Content";
			sourceTree = "<group>";
		};
		279D843026900A82000EC01C /* Patriot3Tests */ = {
			isa = PBXGroup;
			children = (
				279D843126900A82000EC01C /* Patriot3Tests.swift */,
				279D843326900A82000EC01C /* Info.plist */,
			);
			path = Patriot3Tests;
			sourceTree = "<group>";
		};
		279D843B26900A82000EC01C /* Patriot3UITests */ = {
			isa = PBXGroup;
			children = (
				279D843C26900A82000EC01C /* Patriot3UITests.swift */,
				279D843E26900A82000EC01C /* Info.plist */,
			);
			path = Patriot3UITests;
			sourceTree = "<group>";
		};
/* End PBXGroup section */

/* Begin PBXNativeTarget section */
		279D841B26900A81000EC01C /* Patriot3 */ = {
			isa = PBXNativeTarget;
			buildConfigurationList = 279D844126900A82000EC01C /* Build configuration list for PBXNativeTarget "Patriot3" */;
			buildPhases = (
				279D841826900A81000EC01C /* Sources */,
				279D841926900A81000EC01C /* Frameworks */,
				279D841A26900A81000EC01C /* Resources */,
			);
			buildRules = (
			);
			dependencies = (
			);
			name = Patriot3;
			productName = Patriot3;
			productReference = 279D841C26900A81000EC01C /* Patriot3.app */;
			productType = "com.apple.product-type.application";
		};
		279D842C26900A82000EC01C /* Patriot3Tests */ = {
			isa = PBXNativeTarget;
			buildConfigurationList = 279D844426900A82000EC01C /* Build configuration list for PBXNativeTarget "Patriot3Tests" */;
			buildPhases = (
				279D842926900A82000EC01C /* Sources */,
				279D842A26900A82000EC01C /* Frameworks */,
				279D842B26900A82000EC01C /* Resources */,
			);
			buildRules = (
			);
			dependencies = (
				279D842F26900A82000EC01C /* PBXTargetDependency */,
			);
			name = Patriot3Tests;
			productName = Patriot3Tests;
			productReference = 279D842D26900A82000EC01C /* Patriot3Tests.xctest */;
			productType = "com.apple.product-type.bundle.unit-test";
		};
		279D843726900A82000EC01C /* Patriot3UITests */ = {
			isa = PBXNativeTarget;
			buildConfigurationList = 279D844726900A82000EC01C /* Build configuration list for PBXNativeTarget "Patriot3UITests" */;
			buildPhases = (
				279D843426900A82000EC01C /* Sources */,
				279D843526900A82000EC01C /* Frameworks */,
				279D843626900A82000EC01C /* Resources */,
			);
			buildRules = (
			);
			dependencies = (
				279D843A26900A82000EC01C /* PBXTargetDependency */,
			);
			name = Patriot3UITests;
			productName = Patriot3UITests;
			productReference = 279D843826900A82000EC01C /* Patriot3UITests.xctest */;
			productType = "com.apple.product-type.bundle.ui-testing";
		};
/* End PBXNativeTarget section */

/* Begin PBXProject section */
		279D841426900A81000EC01C /* Project object */ = {
			isa = PBXProject;
			attributes = {
				LastSwiftUpdateCheck = 1250;
				LastUpgradeCheck = 1250;
				TargetAttributes = {
					279D841B26900A81000EC01C = {
						CreatedOnToolsVersion = 12.5;
					};
					279D842C26900A82000EC01C = {
						CreatedOnToolsVersion = 12.5;
						TestTargetID = 279D841B26900A81000EC01C;
					};
					279D843726900A82000EC01C = {
						CreatedOnToolsVersion = 12.5;
						TestTargetID = 279D841B26900A81000EC01C;
					};
				};
			};
			buildConfigurationList = 279D841726900A81000EC01C /* Build configuration list for PBXProject "Patriot3" */;
			compatibilityVersion = "Xcode 9.3";
			developmentRegion = en;
			hasScannedForEncodings = 0;
			knownRegions = (
				en,
				Base,
			);
			mainGroup = 279D841326900A81000EC01C;
			productRefGroup = 279D841D26900A81000EC01C /* Products */;
			projectDirPath = "";
			projectRoot = "";
			targets = (
				279D841B26900A81000EC01C /* Patriot3 */,
				279D842C26900A82000EC01C /* Patriot3Tests */,
				279D843726900A82000EC01C /* Patriot3UITests */,
			);
		};
/* End PBXProject section */

/* Begin PBXResourcesBuildPhase section */
		279D841A26900A81000EC01C /* Resources */ = {
			isa = PBXResourcesBuildPhase;
			buildActionMask = 2147483647;
			files = (
				279D842726900A82000EC01C /* Preview Assets.xcassets in Resources */,
				279D842426900A82000EC01C /* Assets.xcassets in Resources */,
			);
			runOnlyForDeploymentPostprocessing = 0;
		};
		279D842B26900A82000EC01C /* Resources */ = {
			isa = PBXResourcesBuildPhase;
			buildActionMask = 2147483647;
			files = (
			);
			runOnlyForDeploymentPostprocessing = 0;
		};
		279D843626900A82000EC01C /* Resources */ = {
			isa = PBXResourcesBuildPhase;
			buildActionMask = 2147483647;
			files = (
			);
			runOnlyForDeploymentPostprocessing = 0;
		};
/* End PBXResourcesBuildPhase section */

/* Begin PBXSourcesBuildPhase section */
		279D841826900A81000EC01C /* Sources */ = {
			isa = PBXSourcesBuildPhase;
			buildActionMask = 2147483647;
			files = (
				279D842226900A81000EC01C /* ContentView.swift in Sources */,
				279D842026900A81000EC01C /* Patriot3App.swift in Sources */,
			);
			runOnlyForDeploymentPostprocessing = 0;
		};
		279D842926900A82000EC01C /* Sources */ = {
			isa = PBXSourcesBuildPhase;
			buildActionMask = 2147483647;
			files = (
				279D843226900A82000EC01C /* Patriot3Tests.swift in Sources */,
			);
			runOnlyForDeploymentPostprocessing = 0;
		};
		279D843426900A82000EC01C /* Sources */ = {
			isa = PBXSourcesBuildPhase;
			buildActionMask = 2147483647;
			files = (
				279D843D26900A82000EC01C /* Patriot3UITests.swift in Sources */,
			);
			runOnlyForDeploymentPostprocessing = 0;
		};
/* End PBXSourcesBuildPhase section */

/* Begin PBXTargetDependency section */
		279D842F26900A82000EC01C /* PBXTargetDependency */ = {
			isa = PBXTargetDependency;
			target = 279D841B26900A81000EC01C /* Patriot3 */;
			targetProxy = 279D842E26900A82000EC01C /* PBXContainerItemProxy */;
		};
		279D843A26900A82000EC01C /* PBXTargetDependency */ = {
			isa = PBXTargetDependency;
			target = 279D841B26900A81000EC01C /* Patriot3 */;
			targetProxy = 279D843926900A82000EC01C /* PBXContainerItemProxy */;
		};
/* End PBXTargetDependency section */

/* Begin XCBuildConfiguration section */
		279D843F26900A82000EC01C /* Debug */ = {
			isa = XCBuildConfiguration;
			buildSettings = {
				ALWAYS_SEARCH_USER_PATHS = NO;
				CLANG_ANALYZER_NONNULL = YES;
				CLANG_ANALYZER_NUMBER_OBJECT_CONVERSION = YES_AGGRESSIVE;
				CLANG_CXX_LANGUAGE_STANDARD = "gnu++14";
				CLANG_CXX_LIBRARY = "libc++";
				CLANG_ENABLE_MODULES = YES;
				CLANG_ENABLE_OBJC_ARC = YES;
				CLANG_ENABLE_OBJC_WEAK = YES;
				CLANG_WARN_BLOCK_CAPTURE_AUTORELEASING = YES;
				CLANG_WARN_BOOL_CONVERSION = YES;
				CLANG_WARN_COMMA = YES;
				CLANG_WARN_CONSTANT_CONVERSION = YES;
				CLANG_WARN_DEPRECATED_OBJC_IMPLEMENTATIONS = YES;
				CLANG_WARN_DIRECT_OBJC_ISA_USAGE = YES_ERROR;
				CLANG_WARN_DOCUMENTATION_COMMENTS = YES;
				CLANG_WARN_EMPTY_BODY = YES;
				CLANG_WARN_ENUM_CONVERSION = YES;
				CLANG_WARN_INFINITE_RECURSION = YES;
				CLANG_WARN_INT_CONVERSION = YES;
				CLANG_WARN_NON_LITERAL_NULL_CONVERSION = YES;
				CLANG_WARN_OBJC_IMPLICIT_RETAIN_SELF = YES;
				CLANG_WARN_OBJC_LITERAL_CONVERSION = YES;
				CLANG_WARN_OBJC_ROOT_CLASS = YES_ERROR;
				CLANG_WARN_QUOTED_INCLUDE_IN_FRAMEWORK_HEADER = YES;
				CLANG_WARN_RANGE_LOOP_ANALYSIS = YES;
				CLANG_WARN_STRICT_PROTOTYPES = YES;
				CLANG_WARN_SUSPICIOUS_MOVE = YES;
				CLANG_WARN_UNGUARDED_AVAILABILITY = YES_AGGRESSIVE;
				CLANG_WARN_UNREACHABLE_CODE = YES;
				CLANG_WARN__DUPLICATE_METHOD_MATCH = YES;
				COPY_PHASE_STRIP = NO;
				DEBUG_INFORMATION_FORMAT = dwarf;
				ENABLE_STRICT_OBJC_MSGSEND = YES;
				ENABLE_TESTABILITY = YES;
				GCC_C_LANGUAGE_STANDARD = gnu11;
				GCC_DYNAMIC_NO_PIC = NO;
				GCC_NO_COMMON_BLOCKS = YES;
				GCC_OPTIMIZATION_LEVEL = 0;
				GCC_PREPROCESSOR_DEFINITIONS = (
					"DEBUG=1",
					"$(inherited)",
				);
				GCC_WARN_64_TO_32_BIT_CONVERSION = YES;
				GCC_WARN_ABOUT_RETURN_TYPE = YES_ERROR;
				GCC_WARN_UNDECLARED_SELECTOR = YES;
				GCC_WARN_UNINITIALIZED_AUTOS = YES_AGGRESSIVE;
				GCC_WARN_UNUSED_FUNCTION = YES;
				GCC_WARN_UNUSED_VARIABLE = YES;
				IPHONEOS_DEPLOYMENT_TARGET = 14.5;
				MTL_ENABLE_DEBUG_INFO = INCLUDE_SOURCE;
				MTL_FAST_MATH = YES;
				ONLY_ACTIVE_ARCH = YES;
				SDKROOT = iphoneos;
				SWIFT_ACTIVE_COMPILATION_CONDITIONS = DEBUG;
				SWIFT_OPTIMIZATION_LEVEL = "-Onone";
			};
			name = Debug;
		};
		279D844026900A82000EC01C /* Release */ = {
			isa = XCBuildConfiguration;
			buildSettings = {
				ALWAYS_SEARCH_USER_PATHS = NO;
				CLANG_ANALYZER_NONNULL = YES;
				CLANG_ANALYZER_NUMBER_OBJECT_CONVERSION = YES_AGGRESSIVE;
				CLANG_CXX_LANGUAGE_STANDARD = "gnu++14";
				CLANG_CXX_LIBRARY = "libc++";
				CLANG_ENABLE_MODULES = YES;
				CLANG_ENABLE_OBJC_ARC = YES;
				CLANG_ENABLE_OBJC_WEAK = YES;
				CLANG_WARN_BLOCK_CAPTURE_AUTORELEASING = YES;
				CLANG_WARN_BOOL_CONVERSION = YES;
				CLANG_WARN_COMMA = YES;
				CLANG_WARN_CONSTANT_CONVERSION = YES;
				CLANG_WARN_DEPRECATED_OBJC_IMPLEMENTATIONS = YES;
				CLANG_WARN_DIRECT_OBJC_ISA_USAGE = YES_ERROR;
				CLANG_WARN_DOCUMENTATION_COMMENTS = YES;
				CLANG_WARN_EMPTY_BODY = YES;
				CLANG_WARN_ENUM_CONVERSION = YES;
				CLANG_WARN_INFINITE_RECURSION = YES;
				CLANG_WARN_INT_CONVERSION = YES;
				CLANG_WARN_NON_LITERAL_NULL_CONVERSION = YES;
				CLANG_WARN_OBJC_IMPLICIT_RETAIN_SELF = YES;
				CLANG_WARN_OBJC_LITERAL_CONVERSION = YES;
				CLANG_WARN_OBJC_ROOT_CLASS = YES_ERROR;
				CLANG_WARN_QUOTED_INCLUDE_IN_FRAMEWORK_HEADER = YES;
				CLANG_WARN_RANGE_LOOP_ANALYSIS = YES;
				CLANG_WARN_STRICT_PROTOTYPES = YES;
				CLANG_WARN_SUSPICIOUS_MOVE = YES;
				CLANG_WARN_UNGUARDED_AVAILABILITY = YES_AGGRESSIVE;
				CLANG_WARN_UNREACHABLE_CODE = YES;
				CLANG_WARN__DUPLICATE_METHOD_MATCH = YES;
				COPY_PHASE_STRIP = NO;
				DEBUG_INFORMATION_FORMAT = "dwarf-with-dsym";
				ENABLE_NS_ASSERTIONS = NO;
				ENABLE_STRICT_OBJC_MSGSEND = YES;
				GCC_C_LANGUAGE_STANDARD = gnu11;
				GCC_NO_COMMON_BLOCKS = YES;
				GCC_WARN_64_TO_32_BIT_CONVERSION = YES;
				GCC_WARN_ABOUT_RETURN_TYPE = YES_ERROR;
				GCC_WARN_UNDECLARED_SELECTOR = YES;
				GCC_WARN_UNINITIALIZED_AUTOS = YES_AGGRESSIVE;
				GCC_WARN_UNUSED_FUNCTION = YES;
				GCC_WARN_UNUSED_VARIABLE = YES;
				IPHONEOS_DEPLOYMENT_TARGET = 14.5;
				MTL_ENABLE_DEBUG_INFO = NO;
				MTL_FAST_MATH = YES;
				SDKROOT = iphoneos;
				SWIFT_COMPILATION_MODE = wholemodule;
				SWIFT_OPTIMIZATION_LEVEL = "-O";
				VALIDATE_PRODUCT = YES;
			};
			name = Release;
		};
		279D844226900A82000EC01C /* Debug */ = {
			isa = XCBuildConfiguration;
			buildSettings = {
				ASSETCATALOG_COMPILER_APPICON_NAME = AppIcon;
				ASSETCATALOG_COMPILER_GLOBAL_ACCENT_COLOR_NAME = AccentColor;
				CODE_SIGN_STYLE = Automatic;
				DEVELOPMENT_ASSET_PATHS = "\"Patriot3/Preview Content\"";
				DEVELOPMENT_TEAM = 65NFWK9633;
				ENABLE_PREVIEWS = YES;
				INFOPLIST_FILE = Patriot3/Info.plist;
				IPHONEOS_DEPLOYMENT_TARGET = 14.0;
				LD_RUNPATH_SEARCH_PATHS = (
					"$(inherited)",
					"@executable_path/Frameworks",
				);
				PRODUCT_BUNDLE_IDENTIFIER = net.lisles.Patriot3;
				PRODUCT_NAME = "$(TARGET_NAME)";
				SWIFT_VERSION = 5.0;
				TARGETED_DEVICE_FAMILY = "1,2";
			};
			name = Debug;
		};
		279D844326900A82000EC01C /* Release */ = {
			isa = XCBuildConfiguration;
			buildSettings = {
				ASSETCATALOG_COMPILER_APPICON_NAME = AppIcon;
				ASSETCATALOG_COMPILER_GLOBAL_ACCENT_COLOR_NAME = AccentColor;
				CODE_SIGN_STYLE = Automatic;
				DEVELOPMENT_ASSET_PATHS = "\"Patriot3/Preview Content\"";
				DEVELOPMENT_TEAM = 65NFWK9633;
				ENABLE_PREVIEWS = YES;
				INFOPLIST_FILE = Patriot3/Info.plist;
				IPHONEOS_DEPLOYMENT_TARGET = 14.0;
				LD_RUNPATH_SEARCH_PATHS = (
					"$(inherited)",
					"@executable_path/Frameworks",
				);
				PRODUCT_BUNDLE_IDENTIFIER = net.lisles.Patriot3;
				PRODUCT_NAME = "$(TARGET_NAME)";
				SWIFT_VERSION = 5.0;
				TARGETED_DEVICE_FAMILY = "1,2";
			};
			name = Release;
		};
		279D844526900A82000EC01C /* Debug */ = {
			isa = XCBuildConfiguration;
			buildSettings = {
				ALWAYS_EMBED_SWIFT_STANDARD_LIBRARIES = YES;
				BUNDLE_LOADER = "$(TEST_HOST)";
				CODE_SIGN_STYLE = Automatic;
				DEVELOPMENT_TEAM = 65NFWK9633;
				INFOPLIST_FILE = Patriot3Tests/Info.plist;
				IPHONEOS_DEPLOYMENT_TARGET = 14.0;
				LD_RUNPATH_SEARCH_PATHS = (
					"$(inherited)",
					"@executable_path/Frameworks",
					"@loader_path/Frameworks",
				);
				PRODUCT_BUNDLE_IDENTIFIER = net.lisles.Patriot3Tests;
				PRODUCT_NAME = "$(TARGET_NAME)";
				SWIFT_VERSION = 5.0;
				TARGETED_DEVICE_FAMILY = "1,2";
				TEST_HOST = "$(BUILT_PRODUCTS_DIR)/Patriot3.app/Patriot3";
			};
			name = Debug;
		};
		279D844626900A82000EC01C /* Release */ = {
			isa = XCBuildConfiguration;
			buildSettings = {
				ALWAYS_EMBED_SWIFT_STANDARD_LIBRARIES = YES;
				BUNDLE_LOADER = "$(TEST_HOST)";
				CODE_SIGN_STYLE = Automatic;
				DEVELOPMENT_TEAM = 65NFWK9633;
				INFOPLIST_FILE = Patriot3Tests/Info.plist;
				IPHONEOS_DEPLOYMENT_TARGET = 14.0;
				LD_RUNPATH_SEARCH_PATHS = (
					"$(inherited)",
					"@executable_path/Frameworks",
					"@loader_path/Frameworks",
				);
				PRODUCT_BUNDLE_IDENTIFIER = net.lisles.Patriot3Tests;
				PRODUCT_NAME = "$(TARGET_NAME)";
				SWIFT_VERSION = 5.0;
				TARGETED_DEVICE_FAMILY = "1,2";
				TEST_HOST = "$(BUILT_PRODUCTS_DIR)/Patriot3.app/Patriot3";
			};
			name = Release;
		};
		279D844826900A82000EC01C /* Debug */ = {
			isa = XCBuildConfiguration;
			buildSettings = {
				ALWAYS_EMBED_SWIFT_STANDARD_LIBRARIES = YES;
				CODE_SIGN_STYLE = Automatic;
				DEVELOPMENT_TEAM = 65NFWK9633;
				INFOPLIST_FILE = Patriot3UITests/Info.plist;
				LD_RUNPATH_SEARCH_PATHS = (
					"$(inherited)",
					"@executable_path/Frameworks",
					"@loader_path/Frameworks",
				);
				PRODUCT_BUNDLE_IDENTIFIER = net.lisles.Patriot3UITests;
				PRODUCT_NAME = "$(TARGET_NAME)";
				SWIFT_VERSION = 5.0;
				TARGETED_DEVICE_FAMILY = "1,2";
				TEST_TARGET_NAME = Patriot3;
			};
			name = Debug;
		};
		279D844926900A82000EC01C /* Release */ = {
			isa = XCBuildConfiguration;
			buildSettings = {
				ALWAYS_EMBED_SWIFT_STANDARD_LIBRARIES = YES;
				CODE_SIGN_STYLE = Automatic;
				DEVELOPMENT_TEAM = 65NFWK9633;
				INFOPLIST_FILE = Patriot3UITests/Info.plist;
				LD_RUNPATH_SEARCH_PATHS = (
					"$(inherited)",
					"@executable_path/Frameworks",
					"@loader_path/Frameworks",
				);
				PRODUCT_BUNDLE_IDENTIFIER = net.lisles.Patriot3UITests;
				PRODUCT_NAME = "$(TARGET_NAME)";
				SWIFT_VERSION = 5.0;
				TARGETED_DEVICE_FAMILY = "1,2";
				TEST_TARGET_NAME = Patriot3;
			};
			name = Release;
		};
/* End XCBuildConfiguration section */

/* Begin XCConfigurationList section */
		279D841726900A81000EC01C /* Build configuration list for PBXProject "Patriot3" */ = {
			isa = XCConfigurationList;
			buildConfigurations = (
				279D843F26900A82000EC01C /* Debug */,
				279D844026900A82000EC01C /* Release */,
			);
			defaultConfigurationIsVisible = 0;
			defaultConfigurationName = Release;
		};
		279D844126900A82000EC01C /* Build configuration list for PBXNativeTarget "Patriot3" */ = {
			isa = XCConfigurationList;
			buildConfigurations = (
				279D844226900A82000EC01C /* Debug */,
				279D844326900A82000EC01C /* Release */,
			);
			defaultConfigurationIsVisible = 0;
			defaultConfigurationName = Release;
		};
		279D844426900A82000EC01C /* Build configuration list for PBXNativeTarget "Patriot3Tests" */ = {
			isa = XCConfigurationList;
			buildConfigurations = (
				279D844526900A82000EC01C /* Debug */,
				279D844626900A82000EC01C /* Release */,
			);
			defaultConfigurationIsVisible = 0;
			defaultConfigurationName = Release;
		};
		279D844726900A82000EC01C /* Build configuration list for PBXNativeTarget "Patriot3UITests" */ = {
			isa = XCConfigurationList;
			buildConfigurations = (
				279D844826900A82000EC01C /* Debug */,
				279D844926900A82000EC01C /* Release */,
			);
			defaultConfigurationIsVisible = 0;
			defaultConfigurationName = Release;
		};
/* End XCConfigurationList section */
	};
	rootObject = 279D841426900A81000EC01C /* Project object */;
}
