// !$*UTF8*$!
{
	archiveVersion = 1;
	classes = {
	};
	objectVersion = 50;
	objects = {

/* Begin PBXFileReference section */
		2712610B27D4E3C1004CB49C /* secrets.h */ = {isa = PBXFileReference; lastKnownFileType = sourcecode.c.h; name = secrets.h; path = ../Photon/Plugins/PhilipsHue/secrets.h; sourceTree = "<group>"; };
		2712610C27D4E653004CB49C /* secrets.h */ = {isa = PBXFileReference; lastKnownFileType = sourcecode.c.h; name = secrets.h; path = ../Photon/Controllers/RearPanel/src/secrets.h; sourceTree = "<group>"; };
		273243FD2709DC1A00F3C21E /* GPS */ = {isa = PBXFileReference; lastKnownFileType = folder; name = GPS; path = ../Photon/Plugins/GPS; sourceTree = "<group>"; };
		2733855E25AF25930032BB1F /* README.md */ = {isa = PBXFileReference; lastKnownFileType = net.daringfireball.markdown; name = README.md; path = ../Photon/Controllers/RightSlide/README.md; sourceTree = "<group>"; };
		2733855F25AF25930032BB1F /* project.properties */ = {isa = PBXFileReference; lastKnownFileType = text; name = project.properties; path = ../Photon/Controllers/RightSlide/project.properties; sourceTree = "<group>"; };
		2733856025AF25A50032BB1F /* RightSlide.ino */ = {isa = PBXFileReference; explicitFileType = sourcecode.cpp.cpp; name = RightSlide.ino; path = ../Photon/Controllers/RightSlide/src/RightSlide.ino; sourceTree = "<group>"; };
		2733856225B29C600032BB1F /* library.properties */ = {isa = PBXFileReference; lastKnownFileType = text; name = library.properties; path = ../Photon/Plugins/Curtain/library.properties; sourceTree = "<group>"; };
		2733856325B29C790032BB1F /* PatriotCurtain.cpp */ = {isa = PBXFileReference; lastKnownFileType = sourcecode.cpp.cpp; name = PatriotCurtain.cpp; path = ../Photon/Plugins/Curtain/src/PatriotCurtain.cpp; sourceTree = "<group>"; };
		2733856425B29C790032BB1F /* PatriotCurtain.h */ = {isa = PBXFileReference; lastKnownFileType = sourcecode.c.h; name = PatriotCurtain.h; path = ../Photon/Plugins/Curtain/src/PatriotCurtain.h; sourceTree = "<group>"; };
		2733856525B29C930032BB1F /* curtain.ino */ = {isa = PBXFileReference; explicitFileType = sourcecode.cpp.cpp; name = curtain.ino; path = ../Photon/Plugins/Curtain/examples/curtain.ino; sourceTree = "<group>"; };
		2733856725B5C5AB0032BB1F /* library.properties */ = {isa = PBXFileReference; lastKnownFileType = text; name = library.properties; path = ../Photon/Plugins/NCD4Switch/library.properties; sourceTree = "<group>"; };
		2733856825B5C5C20032BB1F /* PatriotNCD4Switch.cpp */ = {isa = PBXFileReference; lastKnownFileType = sourcecode.cpp.cpp; name = PatriotNCD4Switch.cpp; path = ../Photon/Plugins/NCD4Switch/src/PatriotNCD4Switch.cpp; sourceTree = "<group>"; };
		2733856925B5C5C20032BB1F /* PatriotNCD4Switch.h */ = {isa = PBXFileReference; lastKnownFileType = sourcecode.c.h; name = PatriotNCD4Switch.h; path = ../Photon/Plugins/NCD4Switch/src/PatriotNCD4Switch.h; sourceTree = "<group>"; };
		2733856C25C047570032BB1F /* index.js */ = {isa = PBXFileReference; lastKnownFileType = sourcecode.javascript; path = index.js; sourceTree = "<group>"; };
		2733856D25C047570032BB1F /* package-lock.json */ = {isa = PBXFileReference; lastKnownFileType = text.json; path = "package-lock.json"; sourceTree = "<group>"; };
		2733856E25C047570032BB1F /* src */ = {isa = PBXFileReference; lastKnownFileType = folder; path = src; sourceTree = "<group>"; };
		2733857025C047570032BB1F /* constants.js */ = {isa = PBXFileReference; lastKnownFileType = sourcecode.javascript; path = constants.js; sourceTree = "<group>"; };
		2733857125C047570032BB1F /* device */ = {isa = PBXFileReference; lastKnownFileType = folder; path = device; sourceTree = "<group>"; };
		2733857225C047570032BB1F /* test */ = {isa = PBXFileReference; lastKnownFileType = folder; path = test; sourceTree = "<group>"; };
		2733857325C047570032BB1F /* config.js */ = {isa = PBXFileReference; lastKnownFileType = sourcecode.javascript; path = config.js; sourceTree = "<group>"; };
		2733857425C047570032BB1F /* upload.sh */ = {isa = PBXFileReference; lastKnownFileType = text.script.sh; path = upload.sh; sourceTree = "<group>"; };
		2733857525C047570032BB1F /* package.json */ = {isa = PBXFileReference; lastKnownFileType = text.json; path = package.json; sourceTree = "<group>"; };
		2733857625C047570032BB1F /* project.json */ = {isa = PBXFileReference; lastKnownFileType = text.json; path = project.json; sourceTree = "<group>"; };
		2733857725C047570032BB1F /* testConfig.js */ = {isa = PBXFileReference; lastKnownFileType = sourcecode.javascript; path = testConfig.js; sourceTree = "<group>"; };
		273696EF26EB7CA200CA5791 /* README.md */ = {isa = PBXFileReference; lastKnownFileType = net.daringfireball.markdown; path = README.md; sourceTree = "<group>"; };
		273696F026EB7CA200CA5791 /* LICENSE */ = {isa = PBXFileReference; lastKnownFileType = text; path = LICENSE; sourceTree = "<group>"; };
		273696F126EB7CA200CA5791 /* src */ = {isa = PBXFileReference; lastKnownFileType = folder; path = src; sourceTree = "<group>"; };
		273696F226EB7CA200CA5791 /* library.properties */ = {isa = PBXFileReference; lastKnownFileType = text; path = library.properties; sourceTree = "<group>"; };
		273696F326EB7CA200CA5791 /* examples */ = {isa = PBXFileReference; lastKnownFileType = folder; path = examples; sourceTree = "<group>"; };
		2737F7EC28E8984100408830 /* src */ = {isa = PBXFileReference; lastKnownFileType = folder; name = src; path = ../Photon/Controllers/NCD16LightTest/src; sourceTree = "<group>"; };
		2737F7ED28E8984100408830 /* project.properties */ = {isa = PBXFileReference; lastKnownFileType = text; name = project.properties; path = ../Photon/Controllers/NCD16LightTest/project.properties; sourceTree = "<group>"; };
		2737F7EE28E8984100408830 /* README.md */ = {isa = PBXFileReference; lastKnownFileType = net.daringfireball.markdown; name = README.md; path = ../Photon/Controllers/NCD16LightTest/README.md; sourceTree = "<group>"; };
		2751BD46294755EE00FA360C /* Voltage */ = {isa = PBXFileReference; lastKnownFileType = folder; name = Voltage; path = ../Photon/Plugins/Voltage; sourceTree = "<group>"; };
		2755615325CC1FAA00FEE0FF /* LICENSE */ = {isa = PBXFileReference; lastKnownFileType = text; name = LICENSE; path = ../LICENSE; sourceTree = "<group>"; };
		2755615425CC1FAA00FEE0FF /* README.md */ = {isa = PBXFileReference; lastKnownFileType = net.daringfireball.markdown; name = README.md; path = ../README.md; sourceTree = "<group>"; };
		2755DBE4259DFA3900971ABA /* device.cpp */ = {isa = PBXFileReference; lastKnownFileType = sourcecode.cpp.cpp; name = device.cpp; path = ../Photon/IoTlib/src/device.cpp; sourceTree = "<group>"; };
		27691AF52A2373690094689F /* awning.ino */ = {isa = PBXFileReference; lastKnownFileType = text; name = awning.ino; path = ../Photon/Plugins/Awning/examples/awning.ino; sourceTree = "<group>"; };
		27691AF62A23738D0094689F /* library.properties */ = {isa = PBXFileReference; lastKnownFileType = text; name = library.properties; path = ../Photon/Plugins/Awning/library.properties; sourceTree = "<group>"; };
		27691AF72A23738D0094689F /* LICENSE */ = {isa = PBXFileReference; lastKnownFileType = text; name = LICENSE; path = ../Photon/Plugins/Awning/LICENSE; sourceTree = "<group>"; };
		27691AF82A2373A10094689F /* PatriotAwning.h */ = {isa = PBXFileReference; lastKnownFileType = sourcecode.c.h; name = PatriotAwning.h; path = ../Photon/Plugins/Awning/src/PatriotAwning.h; sourceTree = "<group>"; };
		27691AF92A2373A10094689F /* PatriotAwning.cpp */ = {isa = PBXFileReference; lastKnownFileType = sourcecode.cpp.cpp; name = PatriotAwning.cpp; path = ../Photon/Plugins/Awning/src/PatriotAwning.cpp; sourceTree = "<group>"; };
		2769F3C9272963B400E8FE57 /* library.properties */ = {isa = PBXFileReference; lastKnownFileType = text; name = library.properties; path = ../Photon/Plugins/Checklist/library.properties; sourceTree = "<group>"; };
		2769F3CA2729644400E8FE57 /* PatriotChecklist.cpp */ = {isa = PBXFileReference; lastKnownFileType = sourcecode.cpp.cpp; name = PatriotChecklist.cpp; path = ../Photon/Plugins/Checklist/src/PatriotChecklist.cpp; sourceTree = "<group>"; };
		2769F3CB2729644400E8FE57 /* PatriotChecklist.h */ = {isa = PBXFileReference; lastKnownFileType = sourcecode.c.h; name = PatriotChecklist.h; path = ../Photon/Plugins/Checklist/src/PatriotChecklist.h; sourceTree = "<group>"; };
		2769F3CC2729646B00E8FE57 /* checklist.ino */ = {isa = PBXFileReference; lastKnownFileType = text; name = checklist.ino; path = ../Photon/Plugins/Checklist/examples/checklist.ino; sourceTree = "<group>"; };
		277FABF127C1998B00692A74 /* MR24.ino */ = {isa = PBXFileReference; lastKnownFileType = text; name = MR24.ino; path = ../Photon/Plugins/MR24/examples/MR24.ino; sourceTree = "<group>"; };
		27841D7527871CE400DFCCFD /* src */ = {isa = PBXFileReference; lastKnownFileType = folder; name = src; path = ../Photon/Plugins/NCD4Relay/src; sourceTree = "<group>"; };
		27841D7627871CE400DFCCFD /* library.properties */ = {isa = PBXFileReference; lastKnownFileType = text; name = library.properties; path = ../Photon/Plugins/NCD4Relay/library.properties; sourceTree = "<group>"; };
		27841D7727871CFD00DFCCFD /* relay.ino */ = {isa = PBXFileReference; lastKnownFileType = text; name = relay.ino; path = ../Photon/Plugins/NCD4Relay/examples/relay/relay.ino; sourceTree = "<group>"; };
		279E08C7295DE4B60059951F /* ShellyPower */ = {isa = PBXFileReference; lastKnownFileType = folder; name = ShellyPower; path = ../Photon/Plugins/ShellyPower; sourceTree = "<group>"; };
		27A0F26C279DE9950021E84D /* LICENSE */ = {isa = PBXFileReference; lastKnownFileType = text; name = LICENSE; path = ../Photon/Plugins/MR24/LICENSE; sourceTree = "<group>"; };
		27A0F26D279DE9950021E84D /* README.md */ = {isa = PBXFileReference; lastKnownFileType = net.daringfireball.markdown; name = README.md; path = ../Photon/Plugins/MR24/README.md; sourceTree = "<group>"; };
		27A0F26E279DE9950021E84D /* library.properties */ = {isa = PBXFileReference; lastKnownFileType = text; name = library.properties; path = ../Photon/Plugins/MR24/library.properties; sourceTree = "<group>"; };
		27A0F26F279DE9E50021E84D /* PatriotMR24.cpp */ = {isa = PBXFileReference; lastKnownFileType = sourcecode.cpp.cpp; name = PatriotMR24.cpp; path = ../Photon/Plugins/MR24/src/PatriotMR24.cpp; sourceTree = "<group>"; };
		27A0F270279DE9E50021E84D /* PatriotMR24.h */ = {isa = PBXFileReference; lastKnownFileType = sourcecode.c.h; name = PatriotMR24.h; path = ../Photon/Plugins/MR24/src/PatriotMR24.h; sourceTree = "<group>"; };
		27AE94DD26F0CC2A004D5CB6 /* src */ = {isa = PBXFileReference; lastKnownFileType = folder; name = src; path = ../Photon/Controllers/Kitchen/src; sourceTree = "<group>"; };
		27AE94DE26F0CC2A004D5CB6 /* project.properties */ = {isa = PBXFileReference; lastKnownFileType = text; name = project.properties; path = ../Photon/Controllers/Kitchen/project.properties; sourceTree = "<group>"; };
		27AE94DF26F0CC2A004D5CB6 /* README.md */ = {isa = PBXFileReference; lastKnownFileType = net.daringfireball.markdown; name = README.md; path = ../Photon/Controllers/Kitchen/README.md; sourceTree = "<group>"; };
		27BA7D6627D456940045A887 /* library.properties */ = {isa = PBXFileReference; lastKnownFileType = text; name = library.properties; path = ../Photon/Plugins/PhilipsHue/library.properties; sourceTree = "<group>"; };
		27BA7D6727D456AA0045A887 /* HueLight.h */ = {isa = PBXFileReference; lastKnownFileType = sourcecode.c.h; name = HueLight.h; path = ../Photon/Plugins/PhilipsHue/src/HueLight.h; sourceTree = "<group>"; };
		27BA7D6827D456AA0045A887 /* HueLight.cpp */ = {isa = PBXFileReference; lastKnownFileType = sourcecode.cpp.cpp; name = HueLight.cpp; path = ../Photon/Plugins/PhilipsHue/src/HueLight.cpp; sourceTree = "<group>"; };
		27BA7D6927D456C80045A887 /* examples */ = {isa = PBXFileReference; lastKnownFileType = folder; name = examples; path = ../Photon/Plugins/PhilipsHue/examples; sourceTree = "<group>"; };
		27D332122A96CE390044EB83 /* PatriotLight.cpp */ = {isa = PBXFileReference; lastKnownFileType = sourcecode.cpp.cpp; name = PatriotLight.cpp; path = ../Photon/IoTlib/src/PatriotLight.cpp; sourceTree = "<group>"; };
		27D332132A96D0240044EB83 /* PatriotPIR.cpp */ = {isa = PBXFileReference; lastKnownFileType = sourcecode.cpp.cpp; name = PatriotPIR.cpp; path = ../Photon/IoTlib/src/PatriotPIR.cpp; sourceTree = "<group>"; };
		27D332142A96D2BA0044EB83 /* PatriotCurtain.cpp */ = {isa = PBXFileReference; lastKnownFileType = sourcecode.cpp.cpp; name = PatriotCurtain.cpp; path = ../Photon/IoTlib/src/PatriotCurtain.cpp; sourceTree = "<group>"; };
		27D332152A97691F0044EB83 /* PatriotNCD4Relay.cpp */ = {isa = PBXFileReference; lastKnownFileType = sourcecode.cpp.cpp; name = PatriotNCD4Relay.cpp; path = ../Photon/IoTlib/src/PatriotNCD4Relay.cpp; sourceTree = "<group>"; };
		27D74327276E1B2300280B2C /* project.properties */ = {isa = PBXFileReference; lastKnownFileType = text; name = project.properties; path = ../Photon/Controllers/RonPIRTest/project.properties; sourceTree = "<group>"; };
		27D74328276E1B2300280B2C /* README.md */ = {isa = PBXFileReference; lastKnownFileType = net.daringfireball.markdown; name = README.md; path = ../Photon/Controllers/RonPIRTest/README.md; sourceTree = "<group>"; };
		27D74329276E1B2300280B2C /* src */ = {isa = PBXFileReference; lastKnownFileType = folder; name = src; path = ../Photon/Controllers/RonPIRTest/src; sourceTree = "<group>"; };
		27D7432A276E83EB00280B2C /* PIR */ = {isa = PBXFileReference; lastKnownFileType = folder; name = PIR; path = ../Photon/Plugins/PIR; sourceTree = "<group>"; };
		E41085852568627000EFBE84 /* PatriotLight.cpp */ = {isa = PBXFileReference; lastKnownFileType = sourcecode.cpp.cpp; name = PatriotLight.cpp; path = ../Photon/Plugins/Light/src/PatriotLight.cpp; sourceTree = "<group>"; };
		E41085862568627000EFBE84 /* PatriotLight.h */ = {isa = PBXFileReference; lastKnownFileType = sourcecode.c.h; name = PatriotLight.h; path = ../Photon/Plugins/Light/src/PatriotLight.h; sourceTree = "<group>"; };
		E41085872568628F00EFBE84 /* library.properties */ = {isa = PBXFileReference; lastKnownFileType = text; name = library.properties; path = ../Photon/Plugins/Light/library.properties; sourceTree = "<group>"; };
		E4108588256862CA00EFBE84 /* light.ino */ = {isa = PBXFileReference; lastKnownFileType = text; name = light.ino; path = ../Photon/Plugins/Light/examples/light/light.ino; sourceTree = "<group>"; };
		E4108589256862E100EFBE84 /* PatriotNCD8Light.cpp */ = {isa = PBXFileReference; lastKnownFileType = sourcecode.cpp.cpp; name = PatriotNCD8Light.cpp; path = ../Photon/Plugins/NCD8Light/src/PatriotNCD8Light.cpp; sourceTree = "<group>"; };
		E410858A256862E200EFBE84 /* PatriotNCD8Light.h */ = {isa = PBXFileReference; lastKnownFileType = sourcecode.c.h; name = PatriotNCD8Light.h; path = ../Photon/Plugins/NCD8Light/src/PatriotNCD8Light.h; sourceTree = "<group>"; };
		E410858B256862F200EFBE84 /* library.properties */ = {isa = PBXFileReference; lastKnownFileType = text; name = library.properties; path = ../Photon/Plugins/NCD8Light/library.properties; sourceTree = "<group>"; };
		E410858C2568630500EFBE84 /* light.ino */ = {isa = PBXFileReference; lastKnownFileType = text; name = light.ino; path = ../Photon/Plugins/NCD8Light/examples/light/light.ino; sourceTree = "<group>"; };
		E410858D2568631C00EFBE84 /* PatriotNCD8Relay.h */ = {isa = PBXFileReference; lastKnownFileType = sourcecode.c.h; name = PatriotNCD8Relay.h; path = ../Photon/Plugins/NCD8Relay/src/PatriotNCD8Relay.h; sourceTree = "<group>"; };
		E410858E2568631C00EFBE84 /* PatriotNCD8Relay.cpp */ = {isa = PBXFileReference; lastKnownFileType = sourcecode.cpp.cpp; name = PatriotNCD8Relay.cpp; path = ../Photon/Plugins/NCD8Relay/src/PatriotNCD8Relay.cpp; sourceTree = "<group>"; };
		E410858F2568632A00EFBE84 /* library.properties */ = {isa = PBXFileReference; lastKnownFileType = text; name = library.properties; path = ../Photon/Plugins/NCD8Relay/library.properties; sourceTree = "<group>"; };
		E41085902568633B00EFBE84 /* relay.ino */ = {isa = PBXFileReference; lastKnownFileType = text; name = relay.ino; path = ../Photon/Plugins/NCD8Relay/examples/relay/relay.ino; sourceTree = "<group>"; };
		E41085912568636000EFBE84 /* project.properties */ = {isa = PBXFileReference; lastKnownFileType = text; name = project.properties; path = ../Photon/Controllers/RonTest/project.properties; sourceTree = "<group>"; };
		E41085922568637000EFBE84 /* project.properties */ = {isa = PBXFileReference; lastKnownFileType = text; name = project.properties; path = ../Photon/Controllers/FrontPanel/project.properties; sourceTree = "<group>"; };
		E41085932568638200EFBE84 /* project.properties */ = {isa = PBXFileReference; lastKnownFileType = text; name = project.properties; path = ../Photon/Controllers/RearPanel/project.properties; sourceTree = "<group>"; };
		E41085942568639C00EFBE84 /* library.properties */ = {isa = PBXFileReference; lastKnownFileType = text; name = library.properties; path = ../Photon/IoTlib/library.properties; sourceTree = "<group>"; };
		E410859625688C0200EFBE84 /* NCD8LightTest.ino */ = {isa = PBXFileReference; explicitFileType = sourcecode.cpp.cpp; name = NCD8LightTest.ino; path = ../Photon/Controllers/NCD8LightTest/src/NCD8LightTest.ino; sourceTree = "<group>"; };
		E410859725688C1100EFBE84 /* project.properties */ = {isa = PBXFileReference; lastKnownFileType = text; name = project.properties; path = ../Photon/Controllers/NCD8LightTest/project.properties; sourceTree = "<group>"; };
		E4256943256C47E6007D8450 /* PatriotPseudoDevice.cpp */ = {isa = PBXFileReference; lastKnownFileType = sourcecode.cpp.cpp; name = PatriotPseudoDevice.cpp; path = ../Photon/Plugins/Pseudo/src/PatriotPseudoDevice.cpp; sourceTree = "<group>"; };
		E4256944256C47E6007D8450 /* PatriotPseudoDevice.h */ = {isa = PBXFileReference; lastKnownFileType = sourcecode.c.h; name = PatriotPseudoDevice.h; path = ../Photon/Plugins/Pseudo/src/PatriotPseudoDevice.h; sourceTree = "<group>"; };
		E4256945256C47F6007D8450 /* library.properties */ = {isa = PBXFileReference; lastKnownFileType = text; name = library.properties; path = ../Photon/Plugins/Pseudo/library.properties; sourceTree = "<group>"; };
		E4530C14256A97B00021E5CB /* library.properties */ = {isa = PBXFileReference; lastKnownFileType = text; name = library.properties; path = ../Photon/Plugins/Switch/library.properties; sourceTree = "<group>"; };
		E4530C15256A97C50021E5CB /* PatriotSwitch.h */ = {isa = PBXFileReference; lastKnownFileType = sourcecode.c.h; name = PatriotSwitch.h; path = ../Photon/Plugins/Switch/src/PatriotSwitch.h; sourceTree = "<group>"; };
		E4530C16256A97C50021E5CB /* PatriotSwitch.cpp */ = {isa = PBXFileReference; lastKnownFileType = sourcecode.cpp.cpp; name = PatriotSwitch.cpp; path = ../Photon/Plugins/Switch/src/PatriotSwitch.cpp; sourceTree = "<group>"; };
		E4849C542566AB3C00A39734 /* constants.h */ = {isa = PBXFileReference; lastKnownFileType = sourcecode.c.h; name = constants.h; path = ../Photon/IoTlib/src/constants.h; sourceTree = "<group>"; };
		E4849C552566AB3C00A39734 /* IoT.h */ = {isa = PBXFileReference; lastKnownFileType = sourcecode.c.h; name = IoT.h; path = ../Photon/IoTlib/src/IoT.h; sourceTree = "<group>"; };
		E4849C5A2566AB3C00A39734 /* IoT.cpp */ = {isa = PBXFileReference; lastKnownFileType = sourcecode.cpp.cpp; name = IoT.cpp; path = ../Photon/IoTlib/src/IoT.cpp; sourceTree = "<group>"; };
		E4849C5C2566AB3C00A39734 /* device.h */ = {isa = PBXFileReference; lastKnownFileType = sourcecode.c.h; name = device.h; path = ../Photon/IoTlib/src/device.h; sourceTree = "<group>"; };
		E4849C622566AB3C00A39734 /* MQTTManager.cpp */ = {isa = PBXFileReference; lastKnownFileType = sourcecode.cpp.cpp; name = MQTTManager.cpp; path = ../Photon/IoTlib/src/MQTTManager.cpp; sourceTree = "<group>"; };
		E4849C662566AB3C00A39734 /* MQTTManager.h */ = {isa = PBXFileReference; lastKnownFileType = sourcecode.c.h; name = MQTTManager.h; path = ../Photon/IoTlib/src/MQTTManager.h; sourceTree = "<group>"; };
		E4849C6D2566ABFD00A39734 /* RonTest.ino */ = {isa = PBXFileReference; explicitFileType = sourcecode.cpp.cpp; name = RonTest.ino; path = ../Photon/Controllers/RonTest/src/RonTest.ino; sourceTree = "<group>"; };
		E4849C722566B2AF00A39734 /* RearPanel.ino */ = {isa = PBXFileReference; explicitFileType = sourcecode.cpp.cpp; name = RearPanel.ino; path = ../Photon/Controllers/RearPanel/src/RearPanel.ino; sourceTree = "<group>"; };
		E4849C732566B2E600A39734 /* FrontPanel.ino */ = {isa = PBXFileReference; explicitFileType = sourcecode.cpp.cpp; name = FrontPanel.ino; path = ../Photon/Controllers/FrontPanel/src/FrontPanel.ino; sourceTree = "<group>"; };
		E4849C79256724DC00A39734 /* PatriotNCD8Switch.cpp */ = {isa = PBXFileReference; lastKnownFileType = sourcecode.cpp.cpp; name = PatriotNCD8Switch.cpp; path = ../Photon/Plugins/NCD8Switch/src/PatriotNCD8Switch.cpp; sourceTree = "<group>"; };
		E4849C7A256724DC00A39734 /* PatriotNCD8Switch.h */ = {isa = PBXFileReference; lastKnownFileType = sourcecode.c.h; name = PatriotNCD8Switch.h; path = ../Photon/Plugins/NCD8Switch/src/PatriotNCD8Switch.h; sourceTree = "<group>"; };
		E4849C7B256724F500A39734 /* switch.ino */ = {isa = PBXFileReference; lastKnownFileType = text; name = switch.ino; path = ../Photon/Plugins/NCD8Switch/examples/switch/switch.ino; sourceTree = "<group>"; };
		E4849C7C2567250A00A39734 /* library.properties */ = {isa = PBXFileReference; lastKnownFileType = text; name = library.properties; path = ../Photon/Plugins/NCD8Switch/library.properties; sourceTree = "<group>"; };
		E4927CC0257FB0D2007B5FDD /* examples */ = {isa = PBXFileReference; lastKnownFileType = folder; path = examples; sourceTree = "<group>"; };
		E4927CC1257FB0D2007B5FDD /* library.properties */ = {isa = PBXFileReference; lastKnownFileType = text; path = library.properties; sourceTree = "<group>"; };
		E4927CC2257FB0D2007B5FDD /* LICENSE */ = {isa = PBXFileReference; lastKnownFileType = text; path = LICENSE; sourceTree = "<group>"; };
		E4927CC3257FB0D2007B5FDD /* README.md */ = {isa = PBXFileReference; lastKnownFileType = net.daringfireball.markdown; path = README.md; sourceTree = "<group>"; };
		E4927CC4257FB0D2007B5FDD /* src */ = {isa = PBXFileReference; lastKnownFileType = folder; path = src; sourceTree = "<group>"; };
		E4D62D8A2572DC7600E1555C /* library.properties */ = {isa = PBXFileReference; lastKnownFileType = text; name = library.properties; path = ../Photon/Plugins/NCD16Switch/library.properties; sourceTree = "<group>"; };
		E4D62D8B2572DC8E00E1555C /* PatriotNCD16Switch.cpp */ = {isa = PBXFileReference; lastKnownFileType = sourcecode.cpp.cpp; name = PatriotNCD16Switch.cpp; path = ../Photon/Plugins/NCD16Switch/src/PatriotNCD16Switch.cpp; sourceTree = "<group>"; };
		E4D62D8C2572DC8E00E1555C /* PatriotNCD16Switch.h */ = {isa = PBXFileReference; lastKnownFileType = sourcecode.c.h; name = PatriotNCD16Switch.h; path = ../Photon/Plugins/NCD16Switch/src/PatriotNCD16Switch.h; sourceTree = "<group>"; };
		E4D62D8D2572DCAC00E1555C /* README.md */ = {isa = PBXFileReference; lastKnownFileType = net.daringfireball.markdown; name = README.md; path = ../Photon/Plugins/NCD16Switch/README.md; sourceTree = "<group>"; };
		E4D62D8E2572DCBB00E1555C /* LICENSE */ = {isa = PBXFileReference; lastKnownFileType = text; name = LICENSE; path = ../Photon/Plugins/NCD16Switch/LICENSE; sourceTree = "<group>"; };
		E4D62D8F2572DD9200E1555C /* switch.ino */ = {isa = PBXFileReference; lastKnownFileType = text; name = switch.ino; path = ../Photon/Plugins/NCD16Switch/examples/switch/switch.ino; sourceTree = "<group>"; };
		E4E61717257D288300D7AA04 /* src */ = {isa = PBXFileReference; lastKnownFileType = folder; name = src; path = ../Photon/Controllers/LeftSlide/src; sourceTree = "<group>"; };
		E4E61718257D288300D7AA04 /* project.properties */ = {isa = PBXFileReference; lastKnownFileType = text; name = project.properties; path = ../Photon/Controllers/LeftSlide/project.properties; sourceTree = "<group>"; };
		E4E61719257D288300D7AA04 /* README.md */ = {isa = PBXFileReference; lastKnownFileType = net.daringfireball.markdown; name = README.md; path = ../Photon/Controllers/LeftSlide/README.md; sourceTree = "<group>"; };
/* End PBXFileReference section */

/* Begin PBXGroup section */
		2733855D25AF256F0032BB1F /* RightSlide */ = {
			isa = PBXGroup;
			children = (
				2733856025AF25A50032BB1F /* RightSlide.ino */,
				2733855F25AF25930032BB1F /* project.properties */,
				2733855E25AF25930032BB1F /* README.md */,
			);
			name = RightSlide;
			sourceTree = "<group>";
		};
		2733856125B29C420032BB1F /* Curtain */ = {
			isa = PBXGroup;
			children = (
				2733856525B29C930032BB1F /* curtain.ino */,
				2733856325B29C790032BB1F /* PatriotCurtain.cpp */,
				2733856425B29C790032BB1F /* PatriotCurtain.h */,
				2733856225B29C600032BB1F /* library.properties */,
			);
			name = Curtain;
			sourceTree = "<group>";
		};
		2733856625B5C5850032BB1F /* NCD4Switch */ = {
			isa = PBXGroup;
			children = (
				2733856825B5C5C20032BB1F /* PatriotNCD4Switch.cpp */,
				2733856925B5C5C20032BB1F /* PatriotNCD4Switch.h */,
				2733856725B5C5AB0032BB1F /* library.properties */,
			);
			name = NCD4Switch;
			sourceTree = "<group>";
		};
		2733856B25C0472D0032BB1F /* Alexa */ = {
			isa = PBXGroup;
			children = (
				2733857325C047570032BB1F /* config.js */,
				2733857025C047570032BB1F /* constants.js */,
				2733857125C047570032BB1F /* device */,
				2733856C25C047570032BB1F /* index.js */,
				2733856D25C047570032BB1F /* package-lock.json */,
				2733857525C047570032BB1F /* package.json */,
				2733857625C047570032BB1F /* project.json */,
				2733856E25C047570032BB1F /* src */,
				2733857225C047570032BB1F /* test */,
				2733857725C047570032BB1F /* testConfig.js */,
				2733857425C047570032BB1F /* upload.sh */,
			);
			name = Alexa;
			sourceTree = "<group>";
		};
		273696EE26EB7BAD00CA5791 /* NCD16Dimmer */ = {
			isa = PBXGroup;
			children = (
				273696F326EB7CA200CA5791 /* examples */,
				273696F226EB7CA200CA5791 /* library.properties */,
				273696F026EB7CA200CA5791 /* LICENSE */,
				273696EF26EB7CA200CA5791 /* README.md */,
				273696F126EB7CA200CA5791 /* src */,
			);
			name = NCD16Dimmer;
			path = ../Photon/Plugins/NCD16Dimmer;
			sourceTree = "<group>";
		};
		2737F7EB28E8981300408830 /* NCD16LightTest */ = {
			isa = PBXGroup;
			children = (
				2737F7ED28E8984100408830 /* project.properties */,
				2737F7EE28E8984100408830 /* README.md */,
				2737F7EC28E8984100408830 /* src */,
			);
			name = NCD16LightTest;
			sourceTree = "<group>";
		};
		27691AF42A23734D0094689F /* Awning */ = {
			isa = PBXGroup;
			children = (
				27691AF92A2373A10094689F /* PatriotAwning.cpp */,
				27691AF82A2373A10094689F /* PatriotAwning.h */,
				27691AF62A23738D0094689F /* library.properties */,
				27691AF72A23738D0094689F /* LICENSE */,
				27691AF52A2373690094689F /* awning.ino */,
			);
			name = Awning;
			sourceTree = "<group>";
		};
		2769F3C82729635500E8FE57 /* Checklist */ = {
			isa = PBXGroup;
			children = (
				2769F3CC2729646B00E8FE57 /* checklist.ino */,
				2769F3CA2729644400E8FE57 /* PatriotChecklist.cpp */,
				2769F3CB2729644400E8FE57 /* PatriotChecklist.h */,
				2769F3C9272963B400E8FE57 /* library.properties */,
			);
			name = Checklist;
			sourceTree = SOURCE_ROOT;
		};
		277FABED27C1990B00692A74 /* MR24 */ = {
			isa = PBXGroup;
			children = (
				27A0F26D279DE9950021E84D /* README.md */,
				27A0F26C279DE9950021E84D /* LICENSE */,
				27A0F26E279DE9950021E84D /* library.properties */,
				27A0F270279DE9E50021E84D /* PatriotMR24.h */,
				27A0F26F279DE9E50021E84D /* PatriotMR24.cpp */,
				277FABF027C1997000692A74 /* Examples */,
			);
			name = MR24;
			sourceTree = "<group>";
		};
		277FABF027C1997000692A74 /* Examples */ = {
			isa = PBXGroup;
			children = (
				277FABF127C1998B00692A74 /* MR24.ino */,
			);
			name = Examples;
			sourceTree = "<group>";
		};
		27841D7427871C8100DFCCFD /* NCD4Relay */ = {
			isa = PBXGroup;
			children = (
				27841D7727871CFD00DFCCFD /* relay.ino */,
				27841D7627871CE400DFCCFD /* library.properties */,
				27841D7527871CE400DFCCFD /* src */,
			);
			name = NCD4Relay;
			sourceTree = "<group>";
		};
		27AE94DC26F0CBF4004D5CB6 /* KitchenCabinets */ = {
			isa = PBXGroup;
			children = (
				27AE94DE26F0CC2A004D5CB6 /* project.properties */,
				27AE94DF26F0CC2A004D5CB6 /* README.md */,
				27AE94DD26F0CC2A004D5CB6 /* src */,
			);
			name = KitchenCabinets;
			sourceTree = "<group>";
		};
		27BA7D6527D456610045A887 /* HueLight */ = {
			isa = PBXGroup;
			children = (
				27BA7D6927D456C80045A887 /* examples */,
				27BA7D6827D456AA0045A887 /* HueLight.cpp */,
				27BA7D6727D456AA0045A887 /* HueLight.h */,
				27BA7D6627D456940045A887 /* library.properties */,
				2712610B27D4E3C1004CB49C /* secrets.h */,
			);
			name = HueLight;
			sourceTree = "<group>";
		};
		27D74326276E1B0500280B2C /* RonPIRTest */ = {
			isa = PBXGroup;
			children = (
				27D74327276E1B2300280B2C /* project.properties */,
				27D74328276E1B2300280B2C /* README.md */,
				27D74329276E1B2300280B2C /* src */,
			);
			name = RonPIRTest;
			sourceTree = "<group>";
		};
		27FF886B26FCBD6300F1EEB2 /* iOS */ = {
			isa = PBXGroup;
			children = (
			);
			path = iOS;
			sourceTree = "<group>";
		};
		E410859525688BE000EFBE84 /* NCD8LightTest */ = {
			isa = PBXGroup;
			children = (
				E410859725688C1100EFBE84 /* project.properties */,
				E410859625688C0200EFBE84 /* NCD8LightTest.ino */,
			);
			name = NCD8LightTest;
			sourceTree = "<group>";
		};
		E4256942256C47CB007D8450 /* Pseudo */ = {
			isa = PBXGroup;
			children = (
				E4256945256C47F6007D8450 /* library.properties */,
				E4256943256C47E6007D8450 /* PatriotPseudoDevice.cpp */,
				E4256944256C47E6007D8450 /* PatriotPseudoDevice.h */,
			);
			name = Pseudo;
			sourceTree = "<group>";
		};
		E4530C13256A97960021E5CB /* Switch */ = {
			isa = PBXGroup;
			children = (
				E4530C16256A97C50021E5CB /* PatriotSwitch.cpp */,
				E4530C15256A97C50021E5CB /* PatriotSwitch.h */,
				E4530C14256A97B00021E5CB /* library.properties */,
			);
			name = Switch;
			sourceTree = "<group>";
		};
		E4849C492566A90700A39734 = {
			isa = PBXGroup;
			children = (
				27FF886B26FCBD6300F1EEB2 /* iOS */,
				2755615325CC1FAA00FEE0FF /* LICENSE */,
				2755615425CC1FAA00FEE0FF /* README.md */,
				2733856B25C0472D0032BB1F /* Alexa */,
				E4849C742566B48000A39734 /* Plugins */,
				E4849C6E2566AC0F00A39734 /* Controllers */,
				E4849C502566A93E00A39734 /* IoTlib */,
			);
			sourceTree = "<group>";
		};
		E4849C502566A93E00A39734 /* IoTlib */ = {
			isa = PBXGroup;
			children = (
				27D332152A97691F0044EB83 /* PatriotNCD4Relay.cpp */,
				27D332142A96D2BA0044EB83 /* PatriotCurtain.cpp */,
				27D332132A96D0240044EB83 /* PatriotPIR.cpp */,
				27D332122A96CE390044EB83 /* PatriotLight.cpp */,
				E41085942568639C00EFBE84 /* library.properties */,
				E4849C542566AB3C00A39734 /* constants.h */,
				E4849C5C2566AB3C00A39734 /* device.h */,
				2755DBE4259DFA3900971ABA /* device.cpp */,
				E4849C552566AB3C00A39734 /* IoT.h */,
				E4849C5A2566AB3C00A39734 /* IoT.cpp */,
				E4849C662566AB3C00A39734 /* MQTTManager.h */,
				E4849C622566AB3C00A39734 /* MQTTManager.cpp */,
			);
			name = IoTlib;
			sourceTree = "<group>";
		};
		E4849C6E2566AC0F00A39734 /* Controllers */ = {
			isa = PBXGroup;
			children = (
				2737F7EB28E8981300408830 /* NCD16LightTest */,
				27D74326276E1B0500280B2C /* RonPIRTest */,
				27AE94DC26F0CBF4004D5CB6 /* KitchenCabinets */,
				2733855D25AF256F0032BB1F /* RightSlide */,
				E4E61716257D285400D7AA04 /* LeftSlide */,
				E410859525688BE000EFBE84 /* NCD8LightTest */,
				E4849C712566B28800A39734 /* RearPanel */,
				E4849C702566B27A00A39734 /* FrontPanel */,
				E4849C6F2566AD2A00A39734 /* RonTest */,
			);
			name = Controllers;
			sourceTree = "<group>";
		};
		E4849C6F2566AD2A00A39734 /* RonTest */ = {
			isa = PBXGroup;
			children = (
				E41085912568636000EFBE84 /* project.properties */,
				E4849C6D2566ABFD00A39734 /* RonTest.ino */,
			);
			name = RonTest;
			sourceTree = "<group>";
		};
		E4849C702566B27A00A39734 /* FrontPanel */ = {
			isa = PBXGroup;
			children = (
				E41085922568637000EFBE84 /* project.properties */,
				E4849C732566B2E600A39734 /* FrontPanel.ino */,
			);
			name = FrontPanel;
			sourceTree = "<group>";
		};
		E4849C712566B28800A39734 /* RearPanel */ = {
			isa = PBXGroup;
			children = (
				2712610C27D4E653004CB49C /* secrets.h */,
				E41085932568638200EFBE84 /* project.properties */,
				E4849C722566B2AF00A39734 /* RearPanel.ino */,
			);
			name = RearPanel;
			sourceTree = "<group>";
		};
		E4849C742566B48000A39734 /* Plugins */ = {
			isa = PBXGroup;
			children = (
				27691AF42A23734D0094689F /* Awning */,
				279E08C7295DE4B60059951F /* ShellyPower */,
				2751BD46294755EE00FA360C /* Voltage */,
				2769F3C82729635500E8FE57 /* Checklist */,
				2733856125B29C420032BB1F /* Curtain */,
				273243FD2709DC1A00F3C21E /* GPS */,
				27BA7D6527D456610045A887 /* HueLight */,
				E4849C772566B4BB00A39734 /* Light */,
				277FABED27C1990B00692A74 /* MR24 */,
				27841D7427871C8100DFCCFD /* NCD4Relay */,
				2733856625B5C5850032BB1F /* NCD4Switch */,
				E4849C762566B4B300A39734 /* NCD8Light */,
				E4849C752566B4A400A39734 /* NCD8Relay */,
				E4849C78256724B400A39734 /* NCD8Switch */,
				273696EE26EB7BAD00CA5791 /* NCD16Dimmer */,
				E4D62D892572DC4400E1555C /* NCD16Switch */,
				E4927CBF257FB05F007B5FDD /* PartOfDay */,
				27D7432A276E83EB00280B2C /* PIR */,
				E4256942256C47CB007D8450 /* Pseudo */,
				E4530C13256A97960021E5CB /* Switch */,
			);
			name = Plugins;
			sourceTree = "<group>";
		};
		E4849C752566B4A400A39734 /* NCD8Relay */ = {
			isa = PBXGroup;
			children = (
				E41085902568633B00EFBE84 /* relay.ino */,
				E410858F2568632A00EFBE84 /* library.properties */,
				E410858E2568631C00EFBE84 /* PatriotNCD8Relay.cpp */,
				E410858D2568631C00EFBE84 /* PatriotNCD8Relay.h */,
			);
			name = NCD8Relay;
			sourceTree = "<group>";
		};
		E4849C762566B4B300A39734 /* NCD8Light */ = {
			isa = PBXGroup;
			children = (
				E410858C2568630500EFBE84 /* light.ino */,
				E410858B256862F200EFBE84 /* library.properties */,
				E4108589256862E100EFBE84 /* PatriotNCD8Light.cpp */,
				E410858A256862E200EFBE84 /* PatriotNCD8Light.h */,
			);
			name = NCD8Light;
			sourceTree = "<group>";
		};
		E4849C772566B4BB00A39734 /* Light */ = {
			isa = PBXGroup;
			children = (
				E4108588256862CA00EFBE84 /* light.ino */,
				E41085872568628F00EFBE84 /* library.properties */,
				E41085852568627000EFBE84 /* PatriotLight.cpp */,
				E41085862568627000EFBE84 /* PatriotLight.h */,
			);
			name = Light;
			sourceTree = "<group>";
		};
		E4849C78256724B400A39734 /* NCD8Switch */ = {
			isa = PBXGroup;
			children = (
				E4849C7C2567250A00A39734 /* library.properties */,
				E4849C7B256724F500A39734 /* switch.ino */,
				E4849C79256724DC00A39734 /* PatriotNCD8Switch.cpp */,
				E4849C7A256724DC00A39734 /* PatriotNCD8Switch.h */,
			);
			name = NCD8Switch;
			sourceTree = "<group>";
		};
		E4927CBF257FB05F007B5FDD /* PartOfDay */ = {
			isa = PBXGroup;
			children = (
				E4927CC0257FB0D2007B5FDD /* examples */,
				E4927CC1257FB0D2007B5FDD /* library.properties */,
				E4927CC2257FB0D2007B5FDD /* LICENSE */,
				E4927CC3257FB0D2007B5FDD /* README.md */,
				E4927CC4257FB0D2007B5FDD /* src */,
			);
			name = PartOfDay;
			path = ../Photon/Plugins/PartOfDay;
			sourceTree = "<group>";
		};
		E4D62D892572DC4400E1555C /* NCD16Switch */ = {
			isa = PBXGroup;
			children = (
				E4D62D8F2572DD9200E1555C /* switch.ino */,
				E4D62D8E2572DCBB00E1555C /* LICENSE */,
				E4D62D8D2572DCAC00E1555C /* README.md */,
				E4D62D8B2572DC8E00E1555C /* PatriotNCD16Switch.cpp */,
				E4D62D8C2572DC8E00E1555C /* PatriotNCD16Switch.h */,
				E4D62D8A2572DC7600E1555C /* library.properties */,
			);
			name = NCD16Switch;
			path = ../Photon/Plugins/NCD16Switch;
			sourceTree = "<group>";
		};
		E4E61716257D285400D7AA04 /* LeftSlide */ = {
			isa = PBXGroup;
			children = (
				E4E61718257D288300D7AA04 /* project.properties */,
				E4E61719257D288300D7AA04 /* README.md */,
				E4E61717257D288300D7AA04 /* src */,
			);
			name = LeftSlide;
			sourceTree = "<group>";
		};
/* End PBXGroup section */

/* Begin PBXProject section */
		E4849C4A2566A90700A39734 /* Project object */ = {
			isa = PBXProject;
			attributes = {
				LastUpgradeCheck = 1220;
			};
			buildConfigurationList = E4849C4D2566A90700A39734 /* Build configuration list for PBXProject "Patriot" */;
			compatibilityVersion = "Xcode 9.3";
			developmentRegion = en;
			hasScannedForEncodings = 0;
			knownRegions = (
				en,
				Base,
			);
			mainGroup = E4849C492566A90700A39734;
			projectDirPath = "";
			projectRoot = "";
			targets = (
			);
		};
/* End PBXProject section */

/* Begin XCBuildConfiguration section */
		E4849C4E2566A90700A39734 /* Debug */ = {
			isa = XCBuildConfiguration;
			buildSettings = {
			};
			name = Debug;
		};
		E4849C4F2566A90700A39734 /* Release */ = {
			isa = XCBuildConfiguration;
			buildSettings = {
			};
			name = Release;
		};
/* End XCBuildConfiguration section */

/* Begin XCConfigurationList section */
		E4849C4D2566A90700A39734 /* Build configuration list for PBXProject "Patriot" */ = {
			isa = XCConfigurationList;
			buildConfigurations = (
				E4849C4E2566A90700A39734 /* Debug */,
				E4849C4F2566A90700A39734 /* Release */,
			);
			defaultConfigurationIsVisible = 0;
			defaultConfigurationName = Release;
		};
/* End XCConfigurationList section */
	};
	rootObject = E4849C4A2566A90700A39734 /* Project object */;
}
