// !$*UTF8*$!
{
	archiveVersion = 1;
	classes = {
	};
	objectVersion = 51;
	objects = {

/* Begin PBXBuildFile section */
		27473020265D182E00C8EFDE /* PatriotApp.swift in Sources */ = {isa = PBXBuildFile; fileRef = 2747301F265D182E00C8EFDE /* PatriotApp.swift */; };
		27473022265D182E00C8EFDE /* ContentView.swift in Sources */ = {isa = PBXBuildFile; fileRef = 27473021265D182E00C8EFDE /* ContentView.swift */; };
		27473024265D182E00C8EFDE /* Assets.xcassets in Resources */ = {isa = PBXBuildFile; fileRef = 27473023265D182E00C8EFDE /* Assets.xcassets */; };
		27473027265D182E00C8EFDE /* Preview Assets.xcassets in Resources */ = {isa = PBXBuildFile; fileRef = 27473026265D182E00C8EFDE /* Preview Assets.xcassets */; };
		27473032265D182F00C8EFDE /* PatriotTests.swift in Sources */ = {isa = PBXBuildFile; fileRef = 27473031265D182F00C8EFDE /* PatriotTests.swift */; };
		2747303D265D182F00C8EFDE /* PatriotUITests.swift in Sources */ = {isa = PBXBuildFile; fileRef = 2747303C265D182F00C8EFDE /* PatriotUITests.swift */; };
		27473051265D533400C8EFDE /* PhotonManager.swift in Sources */ = {isa = PBXBuildFile; fileRef = 2747304E265D533400C8EFDE /* PhotonManager.swift */; };
		27473053265D533400C8EFDE /* Photon.swift in Sources */ = {isa = PBXBuildFile; fileRef = 27473050265D533400C8EFDE /* Photon.swift */; };
		27473071265D53DE00C8EFDE /* Device.swift in Sources */ = {isa = PBXBuildFile; fileRef = 2747306C265D53DE00C8EFDE /* Device.swift */; };
		27473072265D53DE00C8EFDE /* DevicesManager.swift in Sources */ = {isa = PBXBuildFile; fileRef = 2747306D265D53DE00C8EFDE /* DevicesManager.swift */; };
		27473074265D53DE00C8EFDE /* SettingsStore.swift in Sources */ = {isa = PBXBuildFile; fileRef = 2747306F265D53DE00C8EFDE /* SettingsStore.swift */; };
		27473082265D54A800C8EFDE /* DeviceNotifying.swift in Sources */ = {isa = PBXBuildFile; fileRef = 27473077265D54A800C8EFDE /* DeviceNotifying.swift */; };
		27473083265D54A800C8EFDE /* ParticleSDKError.swift in Sources */ = {isa = PBXBuildFile; fileRef = 27473078265D54A800C8EFDE /* ParticleSDKError.swift */; };
		27473084265D54A800C8EFDE /* DeviceType.swift in Sources */ = {isa = PBXBuildFile; fileRef = 27473079265D54A800C8EFDE /* DeviceType.swift */; };
		27473087265D54A800C8EFDE /* DeviceInfo.swift in Sources */ = {isa = PBXBuildFile; fileRef = 2747307C265D54A800C8EFDE /* DeviceInfo.swift */; };
		27473089265D54A800C8EFDE /* PhotonError.swift in Sources */ = {isa = PBXBuildFile; fileRef = 2747307E265D54A800C8EFDE /* PhotonError.swift */; };
		2747308D265FC77800C8EFDE /* LoginView.swift in Sources */ = {isa = PBXBuildFile; fileRef = 2747308C265FC77800C8EFDE /* LoginView.swift */; };
		2747308F266002D700C8EFDE /* ViewExtensions.swift in Sources */ = {isa = PBXBuildFile; fileRef = 2747308E266002D700C8EFDE /* ViewExtensions.swift */; };
		274D66BF2699F51D00303F1E /* MQTTManager.swift in Sources */ = {isa = PBXBuildFile; fileRef = 274D66BE2699F51D00303F1E /* MQTTManager.swift */; };
		274D66C12699F9E900303F1E /* PhotonDeviceNotifying.swift in Sources */ = {isa = PBXBuildFile; fileRef = 274D66C02699F9E900303F1E /* PhotonDeviceNotifying.swift */; };
		274D66C4269A51DD00303F1E /* DeviceView.swift in Sources */ = {isa = PBXBuildFile; fileRef = 274D66C3269A51DD00303F1E /* DeviceView.swift */; };
		274D66C8269DBDBD00303F1E /* MainView.swift in Sources */ = {isa = PBXBuildFile; fileRef = 274D66C7269DBDBD00303F1E /* MainView.swift */; };
		70978BAF9E1437D62C231FEE /* Pods_Patriot.framework in Frameworks */ = {isa = PBXBuildFile; fileRef = 80622165AF65D442821D750D /* Pods_Patriot.framework */; };
/* End PBXBuildFile section */

/* Begin PBXContainerItemProxy section */
		2747302E265D182F00C8EFDE /* PBXContainerItemProxy */ = {
			isa = PBXContainerItemProxy;
			containerPortal = 27473014265D182E00C8EFDE /* Project object */;
			proxyType = 1;
			remoteGlobalIDString = 2747301B265D182E00C8EFDE;
			remoteInfo = Patriot;
		};
		27473039265D182F00C8EFDE /* PBXContainerItemProxy */ = {
			isa = PBXContainerItemProxy;
			containerPortal = 27473014265D182E00C8EFDE /* Project object */;
			proxyType = 1;
			remoteGlobalIDString = 2747301B265D182E00C8EFDE;
			remoteInfo = Patriot;
		};
/* End PBXContainerItemProxy section */

/* Begin PBXFileReference section */
		2747301C265D182E00C8EFDE /* Patriot.app */ = {isa = PBXFileReference; explicitFileType = wrapper.application; includeInIndex = 0; path = Patriot.app; sourceTree = BUILT_PRODUCTS_DIR; };
		2747301F265D182E00C8EFDE /* PatriotApp.swift */ = {isa = PBXFileReference; lastKnownFileType = sourcecode.swift; path = PatriotApp.swift; sourceTree = "<group>"; };
		27473021265D182E00C8EFDE /* ContentView.swift */ = {isa = PBXFileReference; lastKnownFileType = sourcecode.swift; path = ContentView.swift; sourceTree = "<group>"; };
		27473023265D182E00C8EFDE /* Assets.xcassets */ = {isa = PBXFileReference; lastKnownFileType = folder.assetcatalog; path = Assets.xcassets; sourceTree = "<group>"; };
		27473026265D182E00C8EFDE /* Preview Assets.xcassets */ = {isa = PBXFileReference; lastKnownFileType = folder.assetcatalog; path = "Preview Assets.xcassets"; sourceTree = "<group>"; };
		27473028265D182E00C8EFDE /* Info.plist */ = {isa = PBXFileReference; lastKnownFileType = text.plist.xml; path = Info.plist; sourceTree = "<group>"; };
		2747302D265D182F00C8EFDE /* PatriotTests.xctest */ = {isa = PBXFileReference; explicitFileType = wrapper.cfbundle; includeInIndex = 0; path = PatriotTests.xctest; sourceTree = BUILT_PRODUCTS_DIR; };
		27473031265D182F00C8EFDE /* PatriotTests.swift */ = {isa = PBXFileReference; lastKnownFileType = sourcecode.swift; path = PatriotTests.swift; sourceTree = "<group>"; };
		27473033265D182F00C8EFDE /* Info.plist */ = {isa = PBXFileReference; lastKnownFileType = text.plist.xml; path = Info.plist; sourceTree = "<group>"; };
		27473038265D182F00C8EFDE /* PatriotUITests.xctest */ = {isa = PBXFileReference; explicitFileType = wrapper.cfbundle; includeInIndex = 0; path = PatriotUITests.xctest; sourceTree = BUILT_PRODUCTS_DIR; };
		2747303C265D182F00C8EFDE /* PatriotUITests.swift */ = {isa = PBXFileReference; lastKnownFileType = sourcecode.swift; path = PatriotUITests.swift; sourceTree = "<group>"; };
		2747303E265D182F00C8EFDE /* Info.plist */ = {isa = PBXFileReference; lastKnownFileType = text.plist.xml; path = Info.plist; sourceTree = "<group>"; };
		2747304E265D533400C8EFDE /* PhotonManager.swift */ = {isa = PBXFileReference; fileEncoding = 4; lastKnownFileType = sourcecode.swift; path = PhotonManager.swift; sourceTree = "<group>"; };
		27473050265D533400C8EFDE /* Photon.swift */ = {isa = PBXFileReference; fileEncoding = 4; lastKnownFileType = sourcecode.swift; path = Photon.swift; sourceTree = "<group>"; };
		2747306C265D53DE00C8EFDE /* Device.swift */ = {isa = PBXFileReference; fileEncoding = 4; lastKnownFileType = sourcecode.swift; path = Device.swift; sourceTree = "<group>"; };
		2747306D265D53DE00C8EFDE /* DevicesManager.swift */ = {isa = PBXFileReference; fileEncoding = 4; lastKnownFileType = sourcecode.swift; path = DevicesManager.swift; sourceTree = "<group>"; };
		2747306F265D53DE00C8EFDE /* SettingsStore.swift */ = {isa = PBXFileReference; fileEncoding = 4; lastKnownFileType = sourcecode.swift; path = SettingsStore.swift; sourceTree = "<group>"; };
		27473077265D54A800C8EFDE /* DeviceNotifying.swift */ = {isa = PBXFileReference; fileEncoding = 4; lastKnownFileType = sourcecode.swift; path = DeviceNotifying.swift; sourceTree = "<group>"; };
		27473078265D54A800C8EFDE /* ParticleSDKError.swift */ = {isa = PBXFileReference; fileEncoding = 4; lastKnownFileType = sourcecode.swift; path = ParticleSDKError.swift; sourceTree = "<group>"; };
		27473079265D54A800C8EFDE /* DeviceType.swift */ = {isa = PBXFileReference; fileEncoding = 4; lastKnownFileType = sourcecode.swift; path = DeviceType.swift; sourceTree = "<group>"; };
		2747307C265D54A800C8EFDE /* DeviceInfo.swift */ = {isa = PBXFileReference; fileEncoding = 4; lastKnownFileType = sourcecode.swift; path = DeviceInfo.swift; sourceTree = "<group>"; };
		2747307E265D54A800C8EFDE /* PhotonError.swift */ = {isa = PBXFileReference; fileEncoding = 4; lastKnownFileType = sourcecode.swift; path = PhotonError.swift; sourceTree = "<group>"; };
		2747308C265FC77800C8EFDE /* LoginView.swift */ = {isa = PBXFileReference; lastKnownFileType = sourcecode.swift; path = LoginView.swift; sourceTree = "<group>"; };
		2747308E266002D700C8EFDE /* ViewExtensions.swift */ = {isa = PBXFileReference; lastKnownFileType = sourcecode.swift; path = ViewExtensions.swift; sourceTree = "<group>"; };
		274D66BE2699F51D00303F1E /* MQTTManager.swift */ = {isa = PBXFileReference; lastKnownFileType = sourcecode.swift; path = MQTTManager.swift; sourceTree = "<group>"; };
		274D66C02699F9E900303F1E /* PhotonDeviceNotifying.swift */ = {isa = PBXFileReference; lastKnownFileType = sourcecode.swift; path = PhotonDeviceNotifying.swift; sourceTree = "<group>"; };
		274D66C3269A51DD00303F1E /* DeviceView.swift */ = {isa = PBXFileReference; lastKnownFileType = sourcecode.swift; path = DeviceView.swift; sourceTree = "<group>"; };
		274D66C7269DBDBD00303F1E /* MainView.swift */ = {isa = PBXFileReference; lastKnownFileType = sourcecode.swift; path = MainView.swift; sourceTree = "<group>"; };
		68EF19C16F4B3CEA6AE94ABB /* Pods-Patriot.debug.xcconfig */ = {isa = PBXFileReference; includeInIndex = 1; lastKnownFileType = text.xcconfig; name = "Pods-Patriot.debug.xcconfig"; path = "Target Support Files/Pods-Patriot/Pods-Patriot.debug.xcconfig"; sourceTree = "<group>"; };
		80622165AF65D442821D750D /* Pods_Patriot.framework */ = {isa = PBXFileReference; explicitFileType = wrapper.framework; includeInIndex = 0; path = Pods_Patriot.framework; sourceTree = BUILT_PRODUCTS_DIR; };
		F5038F88DA1AC3AB5283BC42 /* Pods-Patriot.release.xcconfig */ = {isa = PBXFileReference; includeInIndex = 1; lastKnownFileType = text.xcconfig; name = "Pods-Patriot.release.xcconfig"; path = "Target Support Files/Pods-Patriot/Pods-Patriot.release.xcconfig"; sourceTree = "<group>"; };
/* End PBXFileReference section */

/* Begin PBXFrameworksBuildPhase section */
		27473019265D182E00C8EFDE /* Frameworks */ = {
			isa = PBXFrameworksBuildPhase;
			buildActionMask = 2147483647;
			files = (
				70978BAF9E1437D62C231FEE /* Pods_Patriot.framework in Frameworks */,
			);
			runOnlyForDeploymentPostprocessing = 0;
		};
		2747302A265D182F00C8EFDE /* Frameworks */ = {
			isa = PBXFrameworksBuildPhase;
			buildActionMask = 2147483647;
			files = (
			);
			runOnlyForDeploymentPostprocessing = 0;
		};
		27473035265D182F00C8EFDE /* Frameworks */ = {
			isa = PBXFrameworksBuildPhase;
			buildActionMask = 2147483647;
			files = (
			);
			runOnlyForDeploymentPostprocessing = 0;
		};
/* End PBXFrameworksBuildPhase section */

/* Begin PBXGroup section */
		27473013265D182E00C8EFDE = {
			isa = PBXGroup;
			children = (
				2747301E265D182E00C8EFDE /* Patriot */,
				27473030265D182F00C8EFDE /* PatriotTests */,
				2747303B265D182F00C8EFDE /* PatriotUITests */,
				2747301D265D182E00C8EFDE /* Products */,
				D27112F62ACE9251195A69A2 /* Pods */,
				FB4C5A647ECC4E394243E9CF /* Frameworks */,
			);
			sourceTree = "<group>";
		};
		2747301D265D182E00C8EFDE /* Products */ = {
			isa = PBXGroup;
			children = (
				2747301C265D182E00C8EFDE /* Patriot.app */,
				2747302D265D182F00C8EFDE /* PatriotTests.xctest */,
				27473038265D182F00C8EFDE /* PatriotUITests.xctest */,
			);
			name = Products;
			sourceTree = "<group>";
		};
		2747301E265D182E00C8EFDE /* Patriot */ = {
			isa = PBXGroup;
			children = (
				2747301F265D182E00C8EFDE /* PatriotApp.swift */,
				274D66BD2699F50700303F1E /* Network */,
				27473075265D545500C8EFDE /* Protocols */,
				2747304D265D51C500C8EFDE /* Supporting Files */,
				2747304C265D51B200C8EFDE /* Models */,
				2747304B265D519100C8EFDE /* Views */,
				2747304A265D517F00C8EFDE /* Photon */,
				27473028265D182E00C8EFDE /* Info.plist */,
				27473025265D182E00C8EFDE /* Preview Content */,
			);
			path = Patriot;
			sourceTree = "<group>";
		};
		27473025265D182E00C8EFDE /* Preview Content */ = {
			isa = PBXGroup;
			children = (
				27473026265D182E00C8EFDE /* Preview Assets.xcassets */,
			);
			path = "Preview Content";
			sourceTree = "<group>";
		};
		27473030265D182F00C8EFDE /* PatriotTests */ = {
			isa = PBXGroup;
			children = (
				27473031265D182F00C8EFDE /* PatriotTests.swift */,
				27473033265D182F00C8EFDE /* Info.plist */,
			);
			path = PatriotTests;
			sourceTree = "<group>";
		};
		2747303B265D182F00C8EFDE /* PatriotUITests */ = {
			isa = PBXGroup;
			children = (
				2747303C265D182F00C8EFDE /* PatriotUITests.swift */,
				2747303E265D182F00C8EFDE /* Info.plist */,
			);
			path = PatriotUITests;
			sourceTree = "<group>";
		};
		2747304A265D517F00C8EFDE /* Photon */ = {
			isa = PBXGroup;
			children = (
				27473050265D533400C8EFDE /* Photon.swift */,
				2747304E265D533400C8EFDE /* PhotonManager.swift */,
			);
			path = Photon;
			sourceTree = "<group>";
		};
		2747304B265D519100C8EFDE /* Views */ = {
			isa = PBXGroup;
			children = (
				27473021265D182E00C8EFDE /* ContentView.swift */,
				2747308C265FC77800C8EFDE /* LoginView.swift */,
				274D66C3269A51DD00303F1E /* DeviceView.swift */,
				274D66C7269DBDBD00303F1E /* MainView.swift */,
			);
			path = Views;
			sourceTree = "<group>";
		};
		2747304C265D51B200C8EFDE /* Models */ = {
			isa = PBXGroup;
			children = (
				2747306C265D53DE00C8EFDE /* Device.swift */,
				2747307C265D54A800C8EFDE /* DeviceInfo.swift */,
				2747306D265D53DE00C8EFDE /* DevicesManager.swift */,
				2747306F265D53DE00C8EFDE /* SettingsStore.swift */,
			);
			path = Models;
			sourceTree = "<group>";
		};
		2747304D265D51C500C8EFDE /* Supporting Files */ = {
			isa = PBXGroup;
			children = (
				274730902660030900C8EFDE /* Extensions */,
				27473023265D182E00C8EFDE /* Assets.xcassets */,
			);
			path = "Supporting Files";
			sourceTree = "<group>";
		};
		27473075265D545500C8EFDE /* Protocols */ = {
			isa = PBXGroup;
			children = (
				27473077265D54A800C8EFDE /* DeviceNotifying.swift */,
				27473079265D54A800C8EFDE /* DeviceType.swift */,
				27473078265D54A800C8EFDE /* ParticleSDKError.swift */,
				2747307E265D54A800C8EFDE /* PhotonError.swift */,
				274D66C02699F9E900303F1E /* PhotonDeviceNotifying.swift */,
			);
			path = Protocols;
			sourceTree = "<group>";
		};
		274730902660030900C8EFDE /* Extensions */ = {
			isa = PBXGroup;
			children = (
				2747308E266002D700C8EFDE /* ViewExtensions.swift */,
			);
			path = Extensions;
			sourceTree = "<group>";
		};
		274D66BD2699F50700303F1E /* Network */ = {
			isa = PBXGroup;
			children = (
				274D66BE2699F51D00303F1E /* MQTTManager.swift */,
			);
			path = Network;
			sourceTree = "<group>";
		};
		D27112F62ACE9251195A69A2 /* Pods */ = {
			isa = PBXGroup;
			children = (
				68EF19C16F4B3CEA6AE94ABB /* Pods-Patriot.debug.xcconfig */,
				F5038F88DA1AC3AB5283BC42 /* Pods-Patriot.release.xcconfig */,
			);
			path = Pods;
			sourceTree = "<group>";
		};
		FB4C5A647ECC4E394243E9CF /* Frameworks */ = {
			isa = PBXGroup;
			children = (
				80622165AF65D442821D750D /* Pods_Patriot.framework */,
			);
			name = Frameworks;
			sourceTree = "<group>";
		};
/* End PBXGroup section */

/* Begin PBXNativeTarget section */
		2747301B265D182E00C8EFDE /* Patriot */ = {
			isa = PBXNativeTarget;
			buildConfigurationList = 27473041265D182F00C8EFDE /* Build configuration list for PBXNativeTarget "Patriot" */;
			buildPhases = (
				EF9CC3A53D81C789942C7670 /* [CP] Check Pods Manifest.lock */,
				27473018265D182E00C8EFDE /* Sources */,
				27473019265D182E00C8EFDE /* Frameworks */,
				2747301A265D182E00C8EFDE /* Resources */,
				943FC5C9851F0B0B98A0E15A /* [CP] Embed Pods Frameworks */,
			);
			buildRules = (
			);
			dependencies = (
			);
			name = Patriot;
			productName = Patriot;
			productReference = 2747301C265D182E00C8EFDE /* Patriot.app */;
			productType = "com.apple.product-type.application";
		};
		2747302C265D182F00C8EFDE /* PatriotTests */ = {
			isa = PBXNativeTarget;
			buildConfigurationList = 27473044265D182F00C8EFDE /* Build configuration list for PBXNativeTarget "PatriotTests" */;
			buildPhases = (
				27473029265D182F00C8EFDE /* Sources */,
				2747302A265D182F00C8EFDE /* Frameworks */,
				2747302B265D182F00C8EFDE /* Resources */,
			);
			buildRules = (
			);
			dependencies = (
				2747302F265D182F00C8EFDE /* PBXTargetDependency */,
			);
			name = PatriotTests;
			productName = PatriotTests;
			productReference = 2747302D265D182F00C8EFDE /* PatriotTests.xctest */;
			productType = "com.apple.product-type.bundle.unit-test";
		};
		27473037265D182F00C8EFDE /* PatriotUITests */ = {
			isa = PBXNativeTarget;
			buildConfigurationList = 27473047265D182F00C8EFDE /* Build configuration list for PBXNativeTarget "PatriotUITests" */;
			buildPhases = (
				27473034265D182F00C8EFDE /* Sources */,
				27473035265D182F00C8EFDE /* Frameworks */,
				27473036265D182F00C8EFDE /* Resources */,
			);
			buildRules = (
			);
			dependencies = (
				2747303A265D182F00C8EFDE /* PBXTargetDependency */,
			);
			name = PatriotUITests;
			productName = PatriotUITests;
			productReference = 27473038265D182F00C8EFDE /* PatriotUITests.xctest */;
			productType = "com.apple.product-type.bundle.ui-testing";
		};
/* End PBXNativeTarget section */

/* Begin PBXProject section */
		27473014265D182E00C8EFDE /* Project object */ = {
			isa = PBXProject;
			attributes = {
				LastSwiftUpdateCheck = 1250;
				LastUpgradeCheck = 1250;
				TargetAttributes = {
					2747301B265D182E00C8EFDE = {
						CreatedOnToolsVersion = 12.5;
					};
					2747302C265D182F00C8EFDE = {
						CreatedOnToolsVersion = 12.5;
						TestTargetID = 2747301B265D182E00C8EFDE;
					};
					27473037265D182F00C8EFDE = {
						CreatedOnToolsVersion = 12.5;
						TestTargetID = 2747301B265D182E00C8EFDE;
					};
				};
			};
			buildConfigurationList = 27473017265D182E00C8EFDE /* Build configuration list for PBXProject "Patriot" */;
			compatibilityVersion = "Xcode 9.3";
			developmentRegion = en;
			hasScannedForEncodings = 0;
			knownRegions = (
				en,
				Base,
			);
			mainGroup = 27473013265D182E00C8EFDE;
			productRefGroup = 2747301D265D182E00C8EFDE /* Products */;
			projectDirPath = "";
			projectRoot = "";
			targets = (
				2747301B265D182E00C8EFDE /* Patriot */,
				2747302C265D182F00C8EFDE /* PatriotTests */,
				27473037265D182F00C8EFDE /* PatriotUITests */,
			);
		};
/* End PBXProject section */

/* Begin PBXResourcesBuildPhase section */
		2747301A265D182E00C8EFDE /* Resources */ = {
			isa = PBXResourcesBuildPhase;
			buildActionMask = 2147483647;
			files = (
				27473027265D182E00C8EFDE /* Preview Assets.xcassets in Resources */,
				27473024265D182E00C8EFDE /* Assets.xcassets in Resources */,
			);
			runOnlyForDeploymentPostprocessing = 0;
		};
		2747302B265D182F00C8EFDE /* Resources */ = {
			isa = PBXResourcesBuildPhase;
			buildActionMask = 2147483647;
			files = (
			);
			runOnlyForDeploymentPostprocessing = 0;
		};
		27473036265D182F00C8EFDE /* Resources */ = {
			isa = PBXResourcesBuildPhase;
			buildActionMask = 2147483647;
			files = (
			);
			runOnlyForDeploymentPostprocessing = 0;
		};
/* End PBXResourcesBuildPhase section */

/* Begin PBXShellScriptBuildPhase section */
		943FC5C9851F0B0B98A0E15A /* [CP] Embed Pods Frameworks */ = {
			isa = PBXShellScriptBuildPhase;
			buildActionMask = 2147483647;
			files = (
			);
			inputFileListPaths = (
				"${PODS_ROOT}/Target Support Files/Pods-Patriot/Pods-Patriot-frameworks-${CONFIGURATION}-input-files.xcfilelist",
			);
			name = "[CP] Embed Pods Frameworks";
			outputFileListPaths = (
				"${PODS_ROOT}/Target Support Files/Pods-Patriot/Pods-Patriot-frameworks-${CONFIGURATION}-output-files.xcfilelist",
			);
			runOnlyForDeploymentPostprocessing = 0;
			shellPath = /bin/sh;
			shellScript = "\"${PODS_ROOT}/Target Support Files/Pods-Patriot/Pods-Patriot-frameworks.sh\"\n";
			showEnvVarsInLog = 0;
		};
		EF9CC3A53D81C789942C7670 /* [CP] Check Pods Manifest.lock */ = {
			isa = PBXShellScriptBuildPhase;
			buildActionMask = 2147483647;
			files = (
			);
			inputFileListPaths = (
			);
			inputPaths = (
				"${PODS_PODFILE_DIR_PATH}/Podfile.lock",
				"${PODS_ROOT}/Manifest.lock",
			);
			name = "[CP] Check Pods Manifest.lock";
			outputFileListPaths = (
			);
			outputPaths = (
				"$(DERIVED_FILE_DIR)/Pods-Patriot-checkManifestLockResult.txt",
			);
			runOnlyForDeploymentPostprocessing = 0;
			shellPath = /bin/sh;
			shellScript = "diff \"${PODS_PODFILE_DIR_PATH}/Podfile.lock\" \"${PODS_ROOT}/Manifest.lock\" > /dev/null\nif [ $? != 0 ] ; then\n    # print error to STDERR\n    echo \"error: The sandbox is not in sync with the Podfile.lock. Run 'pod install' or update your CocoaPods installation.\" >&2\n    exit 1\nfi\n# This output is used by Xcode 'outputs' to avoid re-running this script phase.\necho \"SUCCESS\" > \"${SCRIPT_OUTPUT_FILE_0}\"\n";
			showEnvVarsInLog = 0;
		};
/* End PBXShellScriptBuildPhase section */

/* Begin PBXSourcesBuildPhase section */
		27473018265D182E00C8EFDE /* Sources */ = {
			isa = PBXSourcesBuildPhase;
			buildActionMask = 2147483647;
			files = (
				2747308F266002D700C8EFDE /* ViewExtensions.swift in Sources */,
				274D66C8269DBDBD00303F1E /* MainView.swift in Sources */,
				27473083265D54A800C8EFDE /* ParticleSDKError.swift in Sources */,
				274D66C12699F9E900303F1E /* PhotonDeviceNotifying.swift in Sources */,
				27473084265D54A800C8EFDE /* DeviceType.swift in Sources */,
				27473082265D54A800C8EFDE /* DeviceNotifying.swift in Sources */,
				274D66BF2699F51D00303F1E /* MQTTManager.swift in Sources */,
				27473022265D182E00C8EFDE /* ContentView.swift in Sources */,
				27473087265D54A800C8EFDE /* DeviceInfo.swift in Sources */,
				27473051265D533400C8EFDE /* PhotonManager.swift in Sources */,
				27473089265D54A800C8EFDE /* PhotonError.swift in Sources */,
				27473074265D53DE00C8EFDE /* SettingsStore.swift in Sources */,
				27473020265D182E00C8EFDE /* PatriotApp.swift in Sources */,
				2747308D265FC77800C8EFDE /* LoginView.swift in Sources */,
				27473053265D533400C8EFDE /* Photon.swift in Sources */,
				27473072265D53DE00C8EFDE /* DevicesManager.swift in Sources */,
				27473071265D53DE00C8EFDE /* Device.swift in Sources */,
				274D66C4269A51DD00303F1E /* DeviceView.swift in Sources */,
			);
			runOnlyForDeploymentPostprocessing = 0;
		};
		27473029265D182F00C8EFDE /* Sources */ = {
			isa = PBXSourcesBuildPhase;
			buildActionMask = 2147483647;
			files = (
				27473032265D182F00C8EFDE /* PatriotTests.swift in Sources */,
			);
			runOnlyForDeploymentPostprocessing = 0;
		};
		27473034265D182F00C8EFDE /* Sources */ = {
			isa = PBXSourcesBuildPhase;
			buildActionMask = 2147483647;
			files = (
				2747303D265D182F00C8EFDE /* PatriotUITests.swift in Sources */,
			);
			runOnlyForDeploymentPostprocessing = 0;
		};
/* End PBXSourcesBuildPhase section */

/* Begin PBXTargetDependency section */
		2747302F265D182F00C8EFDE /* PBXTargetDependency */ = {
			isa = PBXTargetDependency;
			target = 2747301B265D182E00C8EFDE /* Patriot */;
			targetProxy = 2747302E265D182F00C8EFDE /* PBXContainerItemProxy */;
		};
		2747303A265D182F00C8EFDE /* PBXTargetDependency */ = {
			isa = PBXTargetDependency;
			target = 2747301B265D182E00C8EFDE /* Patriot */;
			targetProxy = 27473039265D182F00C8EFDE /* PBXContainerItemProxy */;
		};
/* End PBXTargetDependency section */

/* Begin XCBuildConfiguration section */
		2747303F265D182F00C8EFDE /* Debug */ = {
			isa = XCBuildConfiguration;
			buildSettings = {
				ALWAYS_SEARCH_USER_PATHS = NO;
				CLANG_ANALYZER_NONNULL = YES;
				CLANG_ANALYZER_NUMBER_OBJECT_CONVERSION = YES_AGGRESSIVE;
				CLANG_CXX_LANGUAGE_STANDARD = "gnu++14";
				CLANG_CXX_LIBRARY = "libc++";
				CLANG_ENABLE_MODULES = YES;
				CLANG_ENABLE_OBJC_ARC = YES;
				CLANG_ENABLE_OBJC_WEAK = YES;
				CLANG_WARN_BLOCK_CAPTURE_AUTORELEASING = YES;
				CLANG_WARN_BOOL_CONVERSION = YES;
				CLANG_WARN_COMMA = YES;
				CLANG_WARN_CONSTANT_CONVERSION = YES;
				CLANG_WARN_DEPRECATED_OBJC_IMPLEMENTATIONS = YES;
				CLANG_WARN_DIRECT_OBJC_ISA_USAGE = YES_ERROR;
				CLANG_WARN_DOCUMENTATION_COMMENTS = YES;
				CLANG_WARN_EMPTY_BODY = YES;
				CLANG_WARN_ENUM_CONVERSION = YES;
				CLANG_WARN_INFINITE_RECURSION = YES;
				CLANG_WARN_INT_CONVERSION = YES;
				CLANG_WARN_NON_LITERAL_NULL_CONVERSION = YES;
				CLANG_WARN_OBJC_IMPLICIT_RETAIN_SELF = YES;
				CLANG_WARN_OBJC_LITERAL_CONVERSION = YES;
				CLANG_WARN_OBJC_ROOT_CLASS = YES_ERROR;
				CLANG_WARN_QUOTED_INCLUDE_IN_FRAMEWORK_HEADER = YES;
				CLANG_WARN_RANGE_LOOP_ANALYSIS = YES;
				CLANG_WARN_STRICT_PROTOTYPES = YES;
				CLANG_WARN_SUSPICIOUS_MOVE = YES;
				CLANG_WARN_UNGUARDED_AVAILABILITY = YES_AGGRESSIVE;
				CLANG_WARN_UNREACHABLE_CODE = YES;
				CLANG_WARN__DUPLICATE_METHOD_MATCH = YES;
				COPY_PHASE_STRIP = NO;
				DEBUG_INFORMATION_FORMAT = dwarf;
				ENABLE_STRICT_OBJC_MSGSEND = YES;
				ENABLE_TESTABILITY = YES;
				GCC_C_LANGUAGE_STANDARD = gnu11;
				GCC_DYNAMIC_NO_PIC = NO;
				GCC_NO_COMMON_BLOCKS = YES;
				GCC_OPTIMIZATION_LEVEL = 0;
				GCC_PREPROCESSOR_DEFINITIONS = (
					"DEBUG=1",
					"$(inherited)",
				);
				GCC_WARN_64_TO_32_BIT_CONVERSION = YES;
				GCC_WARN_ABOUT_RETURN_TYPE = YES_ERROR;
				GCC_WARN_UNDECLARED_SELECTOR = YES;
				GCC_WARN_UNINITIALIZED_AUTOS = YES_AGGRESSIVE;
				GCC_WARN_UNUSED_FUNCTION = YES;
				GCC_WARN_UNUSED_VARIABLE = YES;
				IPHONEOS_DEPLOYMENT_TARGET = 14.5;
				MTL_ENABLE_DEBUG_INFO = INCLUDE_SOURCE;
				MTL_FAST_MATH = YES;
				ONLY_ACTIVE_ARCH = YES;
				SDKROOT = iphoneos;
				SWIFT_ACTIVE_COMPILATION_CONDITIONS = DEBUG;
				SWIFT_OPTIMIZATION_LEVEL = "-Onone";
			};
			name = Debug;
		};
		27473040265D182F00C8EFDE /* Release */ = {
			isa = XCBuildConfiguration;
			buildSettings = {
				ALWAYS_SEARCH_USER_PATHS = NO;
				CLANG_ANALYZER_NONNULL = YES;
				CLANG_ANALYZER_NUMBER_OBJECT_CONVERSION = YES_AGGRESSIVE;
				CLANG_CXX_LANGUAGE_STANDARD = "gnu++14";
				CLANG_CXX_LIBRARY = "libc++";
				CLANG_ENABLE_MODULES = YES;
				CLANG_ENABLE_OBJC_ARC = YES;
				CLANG_ENABLE_OBJC_WEAK = YES;
				CLANG_WARN_BLOCK_CAPTURE_AUTORELEASING = YES;
				CLANG_WARN_BOOL_CONVERSION = YES;
				CLANG_WARN_COMMA = YES;
				CLANG_WARN_CONSTANT_CONVERSION = YES;
				CLANG_WARN_DEPRECATED_OBJC_IMPLEMENTATIONS = YES;
				CLANG_WARN_DIRECT_OBJC_ISA_USAGE = YES_ERROR;
				CLANG_WARN_DOCUMENTATION_COMMENTS = YES;
				CLANG_WARN_EMPTY_BODY = YES;
				CLANG_WARN_ENUM_CONVERSION = YES;
				CLANG_WARN_INFINITE_RECURSION = YES;
				CLANG_WARN_INT_CONVERSION = YES;
				CLANG_WARN_NON_LITERAL_NULL_CONVERSION = YES;
				CLANG_WARN_OBJC_IMPLICIT_RETAIN_SELF = YES;
				CLANG_WARN_OBJC_LITERAL_CONVERSION = YES;
				CLANG_WARN_OBJC_ROOT_CLASS = YES_ERROR;
				CLANG_WARN_QUOTED_INCLUDE_IN_FRAMEWORK_HEADER = YES;
				CLANG_WARN_RANGE_LOOP_ANALYSIS = YES;
				CLANG_WARN_STRICT_PROTOTYPES = YES;
				CLANG_WARN_SUSPICIOUS_MOVE = YES;
				CLANG_WARN_UNGUARDED_AVAILABILITY = YES_AGGRESSIVE;
				CLANG_WARN_UNREACHABLE_CODE = YES;
				CLANG_WARN__DUPLICATE_METHOD_MATCH = YES;
				COPY_PHASE_STRIP = NO;
				DEBUG_INFORMATION_FORMAT = "dwarf-with-dsym";
				ENABLE_NS_ASSERTIONS = NO;
				ENABLE_STRICT_OBJC_MSGSEND = YES;
				GCC_C_LANGUAGE_STANDARD = gnu11;
				GCC_NO_COMMON_BLOCKS = YES;
				GCC_WARN_64_TO_32_BIT_CONVERSION = YES;
				GCC_WARN_ABOUT_RETURN_TYPE = YES_ERROR;
				GCC_WARN_UNDECLARED_SELECTOR = YES;
				GCC_WARN_UNINITIALIZED_AUTOS = YES_AGGRESSIVE;
				GCC_WARN_UNUSED_FUNCTION = YES;
				GCC_WARN_UNUSED_VARIABLE = YES;
				IPHONEOS_DEPLOYMENT_TARGET = 14.5;
				MTL_ENABLE_DEBUG_INFO = NO;
				MTL_FAST_MATH = YES;
				SDKROOT = iphoneos;
				SWIFT_COMPILATION_MODE = wholemodule;
				SWIFT_OPTIMIZATION_LEVEL = "-O";
				VALIDATE_PRODUCT = YES;
			};
			name = Release;
		};
		27473042265D182F00C8EFDE /* Debug */ = {
			isa = XCBuildConfiguration;
			baseConfigurationReference = 68EF19C16F4B3CEA6AE94ABB /* Pods-Patriot.debug.xcconfig */;
			buildSettings = {
				ASSETCATALOG_COMPILER_APPICON_NAME = AppIcon;
				ASSETCATALOG_COMPILER_GLOBAL_ACCENT_COLOR_NAME = AccentColor;
				CODE_SIGN_STYLE = Automatic;
				DEVELOPMENT_ASSET_PATHS = "\"Patriot/Preview Content\"";
				DEVELOPMENT_TEAM = 65NFWK9633;
				ENABLE_PREVIEWS = YES;
				INFOPLIST_FILE = Patriot/Info.plist;
				IPHONEOS_DEPLOYMENT_TARGET = 14.0;
				LD_RUNPATH_SEARCH_PATHS = (
					"$(inherited)",
					"@executable_path/Frameworks",
				);
				PRODUCT_BUNDLE_IDENTIFIER = net.lisles.Patriot;
				PRODUCT_NAME = "$(TARGET_NAME)";
				SWIFT_VERSION = 5.0;
				TARGETED_DEVICE_FAMILY = "1,2";
			};
			name = Debug;
		};
		27473043265D182F00C8EFDE /* Release */ = {
			isa = XCBuildConfiguration;
			baseConfigurationReference = F5038F88DA1AC3AB5283BC42 /* Pods-Patriot.release.xcconfig */;
			buildSettings = {
				ASSETCATALOG_COMPILER_APPICON_NAME = AppIcon;
				ASSETCATALOG_COMPILER_GLOBAL_ACCENT_COLOR_NAME = AccentColor;
				CODE_SIGN_STYLE = Automatic;
				DEVELOPMENT_ASSET_PATHS = "\"Patriot/Preview Content\"";
				DEVELOPMENT_TEAM = 65NFWK9633;
				ENABLE_PREVIEWS = YES;
				INFOPLIST_FILE = Patriot/Info.plist;
				IPHONEOS_DEPLOYMENT_TARGET = 14.0;
				LD_RUNPATH_SEARCH_PATHS = (
					"$(inherited)",
					"@executable_path/Frameworks",
				);
				PRODUCT_BUNDLE_IDENTIFIER = net.lisles.Patriot;
				PRODUCT_NAME = "$(TARGET_NAME)";
				SWIFT_VERSION = 5.0;
				TARGETED_DEVICE_FAMILY = "1,2";
			};
			name = Release;
		};
		27473045265D182F00C8EFDE /* Debug */ = {
			isa = XCBuildConfiguration;
			buildSettings = {
				ALWAYS_EMBED_SWIFT_STANDARD_LIBRARIES = YES;
				BUNDLE_LOADER = "$(TEST_HOST)";
				CODE_SIGN_STYLE = Automatic;
				DEVELOPMENT_TEAM = 65NFWK9633;
				INFOPLIST_FILE = PatriotTests/Info.plist;
				IPHONEOS_DEPLOYMENT_TARGET = 14.0;
				LD_RUNPATH_SEARCH_PATHS = (
					"$(inherited)",
					"@executable_path/Frameworks",
					"@loader_path/Frameworks",
				);
				PRODUCT_BUNDLE_IDENTIFIER = net.lisles.PatriotTests;
				PRODUCT_NAME = "$(TARGET_NAME)";
				SWIFT_VERSION = 5.0;
				TARGETED_DEVICE_FAMILY = "1,2";
				TEST_HOST = "$(BUILT_PRODUCTS_DIR)/Patriot.app/Patriot";
			};
			name = Debug;
		};
		27473046265D182F00C8EFDE /* Release */ = {
			isa = XCBuildConfiguration;
			buildSettings = {
				ALWAYS_EMBED_SWIFT_STANDARD_LIBRARIES = YES;
				BUNDLE_LOADER = "$(TEST_HOST)";
				CODE_SIGN_STYLE = Automatic;
				DEVELOPMENT_TEAM = 65NFWK9633;
				INFOPLIST_FILE = PatriotTests/Info.plist;
				IPHONEOS_DEPLOYMENT_TARGET = 14.0;
				LD_RUNPATH_SEARCH_PATHS = (
					"$(inherited)",
					"@executable_path/Frameworks",
					"@loader_path/Frameworks",
				);
				PRODUCT_BUNDLE_IDENTIFIER = net.lisles.PatriotTests;
				PRODUCT_NAME = "$(TARGET_NAME)";
				SWIFT_VERSION = 5.0;
				TARGETED_DEVICE_FAMILY = "1,2";
				TEST_HOST = "$(BUILT_PRODUCTS_DIR)/Patriot.app/Patriot";
			};
			name = Release;
		};
		27473048265D182F00C8EFDE /* Debug */ = {
			isa = XCBuildConfiguration;
			buildSettings = {
				ALWAYS_EMBED_SWIFT_STANDARD_LIBRARIES = YES;
				CODE_SIGN_STYLE = Automatic;
				DEVELOPMENT_TEAM = 65NFWK9633;
				INFOPLIST_FILE = PatriotUITests/Info.plist;
				LD_RUNPATH_SEARCH_PATHS = (
					"$(inherited)",
					"@executable_path/Frameworks",
					"@loader_path/Frameworks",
				);
				PRODUCT_BUNDLE_IDENTIFIER = net.lisles.PatriotUITests;
				PRODUCT_NAME = "$(TARGET_NAME)";
				SWIFT_VERSION = 5.0;
				TARGETED_DEVICE_FAMILY = "1,2";
				TEST_TARGET_NAME = Patriot;
			};
			name = Debug;
		};
		27473049265D182F00C8EFDE /* Release */ = {
			isa = XCBuildConfiguration;
			buildSettings = {
				ALWAYS_EMBED_SWIFT_STANDARD_LIBRARIES = YES;
				CODE_SIGN_STYLE = Automatic;
				DEVELOPMENT_TEAM = 65NFWK9633;
				INFOPLIST_FILE = PatriotUITests/Info.plist;
				LD_RUNPATH_SEARCH_PATHS = (
					"$(inherited)",
					"@executable_path/Frameworks",
					"@loader_path/Frameworks",
				);
				PRODUCT_BUNDLE_IDENTIFIER = net.lisles.PatriotUITests;
				PRODUCT_NAME = "$(TARGET_NAME)";
				SWIFT_VERSION = 5.0;
				TARGETED_DEVICE_FAMILY = "1,2";
				TEST_TARGET_NAME = Patriot;
			};
			name = Release;
		};
/* End XCBuildConfiguration section */

/* Begin XCConfigurationList section */
		27473017265D182E00C8EFDE /* Build configuration list for PBXProject "Patriot" */ = {
			isa = XCConfigurationList;
			buildConfigurations = (
				2747303F265D182F00C8EFDE /* Debug */,
				27473040265D182F00C8EFDE /* Release */,
			);
			defaultConfigurationIsVisible = 0;
			defaultConfigurationName = Release;
		};
		27473041265D182F00C8EFDE /* Build configuration list for PBXNativeTarget "Patriot" */ = {
			isa = XCConfigurationList;
			buildConfigurations = (
				27473042265D182F00C8EFDE /* Debug */,
				27473043265D182F00C8EFDE /* Release */,
			);
			defaultConfigurationIsVisible = 0;
			defaultConfigurationName = Release;
		};
		27473044265D182F00C8EFDE /* Build configuration list for PBXNativeTarget "PatriotTests" */ = {
			isa = XCConfigurationList;
			buildConfigurations = (
				27473045265D182F00C8EFDE /* Debug */,
				27473046265D182F00C8EFDE /* Release */,
			);
			defaultConfigurationIsVisible = 0;
			defaultConfigurationName = Release;
		};
		27473047265D182F00C8EFDE /* Build configuration list for PBXNativeTarget "PatriotUITests" */ = {
			isa = XCConfigurationList;
			buildConfigurations = (
				27473048265D182F00C8EFDE /* Debug */,
				27473049265D182F00C8EFDE /* Release */,
			);
			defaultConfigurationIsVisible = 0;
			defaultConfigurationName = Release;
		};
/* End XCConfigurationList section */
	};
	rootObject = 27473014265D182E00C8EFDE /* Project object */;
}
